// !$*UTF8*$!
{
	archiveVersion = 1;
	classes = {
	};
	objectVersion = 56;
	objects = {

/* Begin PBXBuildFile section */
		B81B0E1A2B653CF00027F4FB /* String+Extension.swift in Sources */ = {isa = PBXBuildFile; fileRef = B81B0E192B653CF00027F4FB /* String+Extension.swift */; };
		B81B0E1B2B653CF00027F4FB /* String+Extension.swift in Sources */ = {isa = PBXBuildFile; fileRef = B81B0E192B653CF00027F4FB /* String+Extension.swift */; };
		B81B0E1E2B6568D20027F4FB /* ErrorReponse.swift in Sources */ = {isa = PBXBuildFile; fileRef = B81B0E1D2B6568D20027F4FB /* ErrorReponse.swift */; };
		B81B0E1F2B6568D20027F4FB /* ErrorReponse.swift in Sources */ = {isa = PBXBuildFile; fileRef = B81B0E1D2B6568D20027F4FB /* ErrorReponse.swift */; };
		B81B0E212B656BDD0027F4FB /* SharedRepository.swift in Sources */ = {isa = PBXBuildFile; fileRef = B81B0E202B656BDD0027F4FB /* SharedRepository.swift */; };
		B81B0E222B656BDD0027F4FB /* SharedRepository.swift in Sources */ = {isa = PBXBuildFile; fileRef = B81B0E202B656BDD0027F4FB /* SharedRepository.swift */; };
		B81B0E242B656C570027F4FB /* CardViewModel.swift in Sources */ = {isa = PBXBuildFile; fileRef = B81B0E232B656C570027F4FB /* CardViewModel.swift */; };
		B81B0E252B656C570027F4FB /* CardViewModel.swift in Sources */ = {isa = PBXBuildFile; fileRef = B81B0E232B656C570027F4FB /* CardViewModel.swift */; };
		B81B0E272B6591E90027F4FB /* NetworkServiceConstant.swift in Sources */ = {isa = PBXBuildFile; fileRef = B81B0E262B6591E90027F4FB /* NetworkServiceConstant.swift */; };
		B81B0E282B6591E90027F4FB /* NetworkServiceConstant.swift in Sources */ = {isa = PBXBuildFile; fileRef = B81B0E262B6591E90027F4FB /* NetworkServiceConstant.swift */; };
		B81B0E802B6692720027F4FB /* ObjectivePGP.xcframework in Frameworks */ = {isa = PBXBuildFile; fileRef = B81B0E7F2B6692720027F4FB /* ObjectivePGP.xcframework */; };
		B81B0E812B6692720027F4FB /* ObjectivePGP.xcframework in Embed Frameworks */ = {isa = PBXBuildFile; fileRef = B81B0E7F2B6692720027F4FB /* ObjectivePGP.xcframework */; settings = {ATTRIBUTES = (CodeSignOnCopy, RemoveHeadersOnCopy, ); }; };
		B81B0E842B6695430027F4FB /* ObjectivePGPHelper.swift in Sources */ = {isa = PBXBuildFile; fileRef = B81B0E832B6695430027F4FB /* ObjectivePGPHelper.swift */; };
		B81B0E852B6695430027F4FB /* ObjectivePGPHelper.swift in Sources */ = {isa = PBXBuildFile; fileRef = B81B0E832B6695430027F4FB /* ObjectivePGPHelper.swift */; };
		B81B0E872B669D0E0027F4FB /* ResponseWithNoBody.swift in Sources */ = {isa = PBXBuildFile; fileRef = B81B0E862B669D0E0027F4FB /* ResponseWithNoBody.swift */; };
		B81B0E882B669D0E0027F4FB /* ResponseWithNoBody.swift in Sources */ = {isa = PBXBuildFile; fileRef = B81B0E862B669D0E0027F4FB /* ResponseWithNoBody.swift */; };
		B825BD302B5C9D7D00B47C1A /* RexpaySDK.docc in Sources */ = {isa = PBXBuildFile; fileRef = B825BD2F2B5C9D7D00B47C1A /* RexpaySDK.docc */; };
		B825BD362B5C9D7D00B47C1A /* RexpaySDK.framework in Frameworks */ = {isa = PBXBuildFile; fileRef = B825BD2B2B5C9D7D00B47C1A /* RexpaySDK.framework */; };
		B825BD3B2B5C9D7D00B47C1A /* RexpaySDKTests.swift in Sources */ = {isa = PBXBuildFile; fileRef = B825BD3A2B5C9D7D00B47C1A /* RexpaySDKTests.swift */; };
		B825BD3C2B5C9D7D00B47C1A /* RexpaySDK.h in Headers */ = {isa = PBXBuildFile; fileRef = B825BD2E2B5C9D7D00B47C1A /* RexpaySDK.h */; settings = {ATTRIBUTES = (Public, ); }; };
		B825BDDB2B5CA56E00B47C1A /* RexpayConfig.swift in Sources */ = {isa = PBXBuildFile; fileRef = B825BDDA2B5CA56E00B47C1A /* RexpayConfig.swift */; };
		B825BDDD2B5CA61700B47C1A /* RexpaySDKResponse.swift in Sources */ = {isa = PBXBuildFile; fileRef = B825BDDC2B5CA61700B47C1A /* RexpaySDKResponse.swift */; };
		B825BDDF2B5CA69B00B47C1A /* RexpaySDK.swift in Sources */ = {isa = PBXBuildFile; fileRef = B825BDDE2B5CA69B00B47C1A /* RexpaySDK.swift */; };
		B825BDE22B5CA78500B47C1A /* PaymentController.swift in Sources */ = {isa = PBXBuildFile; fileRef = B825BDE12B5CA78500B47C1A /* PaymentController.swift */; };
		B825BDE42B5CA7AC00B47C1A /* CardPaymentController.swift in Sources */ = {isa = PBXBuildFile; fileRef = B825BDE32B5CA7AC00B47C1A /* CardPaymentController.swift */; };
		B825BDE82B5CAB1200B47C1A /* BankRepository.swift in Sources */ = {isa = PBXBuildFile; fileRef = B825BDE72B5CAB1200B47C1A /* BankRepository.swift */; };
		B825BDEA2B5CAB4200B47C1A /* CardRepository.swift in Sources */ = {isa = PBXBuildFile; fileRef = B825BDE92B5CAB4200B47C1A /* CardRepository.swift */; };
		B825BDEC2B5CAC8700B47C1A /* Coordinator.swift in Sources */ = {isa = PBXBuildFile; fileRef = B825BDEB2B5CAC8700B47C1A /* Coordinator.swift */; };
		B825BDF02B5CAD5000B47C1A /* Dependencies.swift in Sources */ = {isa = PBXBuildFile; fileRef = B825BDEF2B5CAD5000B47C1A /* Dependencies.swift */; };
		B825BDF32B5CB13900B47C1A /* RexpaySDKView.swift in Sources */ = {isa = PBXBuildFile; fileRef = B825BDF22B5CB13900B47C1A /* RexpaySDKView.swift */; };
		B82F0FE12B7DFB41003A47A6 /* ussdbanks.json in Resources */ = {isa = PBXBuildFile; fileRef = B82F0FDE2B7DFB41003A47A6 /* ussdbanks.json */; };
		B82F0FE22B7DFB41003A47A6 /* ussdbanks.json in Resources */ = {isa = PBXBuildFile; fileRef = B82F0FDE2B7DFB41003A47A6 /* ussdbanks.json */; };
		B82F0FEE2B8B5B55003A47A6 /* MockURLProtocol.swift in Sources */ = {isa = PBXBuildFile; fileRef = B82F0FED2B8B5B55003A47A6 /* MockURLProtocol.swift */; };
		B836012D2B8C0779001FFDF2 /* landing_page.png in Resources */ = {isa = PBXBuildFile; fileRef = B836012C2B8C0779001FFDF2 /* landing_page.png */; };
		B836012E2B8C0779001FFDF2 /* landing_page.png in Resources */ = {isa = PBXBuildFile; fileRef = B836012C2B8C0779001FFDF2 /* landing_page.png */; };
		B83601312B8C1F71001FFDF2 /* LaunchingRexpaySDKTest.swift in Sources */ = {isa = PBXBuildFile; fileRef = B83601302B8C1F71001FFDF2 /* LaunchingRexpaySDKTest.swift */; };
		B849077F2B6C0DF8009A075E /* Bank.swift in Sources */ = {isa = PBXBuildFile; fileRef = B849077E2B6C0DF8009A075E /* Bank.swift */; };
		B84907802B6C0DF8009A075E /* Bank.swift in Sources */ = {isa = PBXBuildFile; fileRef = B849077E2B6C0DF8009A075E /* Bank.swift */; };
		B889ACD72B5F5495001EBA6D /* Assets.xcassets in Resources */ = {isa = PBXBuildFile; fileRef = B889ACD62B5F5495001EBA6D /* Assets.xcassets */; };
		B889ACD82B5F5495001EBA6D /* Assets.xcassets in Resources */ = {isa = PBXBuildFile; fileRef = B889ACD62B5F5495001EBA6D /* Assets.xcassets */; };
		B889ACEC2B5F5779001EBA6D /* Poppins-Bold.ttf in Resources */ = {isa = PBXBuildFile; fileRef = B889ACDA2B5F5778001EBA6D /* Poppins-Bold.ttf */; };
		B889ACED2B5F5779001EBA6D /* Poppins-Bold.ttf in Resources */ = {isa = PBXBuildFile; fileRef = B889ACDA2B5F5778001EBA6D /* Poppins-Bold.ttf */; };
		B889ACEE2B5F5779001EBA6D /* Poppins-ExtraBold.ttf in Resources */ = {isa = PBXBuildFile; fileRef = B889ACDB2B5F5778001EBA6D /* Poppins-ExtraBold.ttf */; };
		B889ACEF2B5F5779001EBA6D /* Poppins-ExtraBold.ttf in Resources */ = {isa = PBXBuildFile; fileRef = B889ACDB2B5F5778001EBA6D /* Poppins-ExtraBold.ttf */; };
		B889ACF02B5F5779001EBA6D /* Poppins-MediumItalic.ttf in Resources */ = {isa = PBXBuildFile; fileRef = B889ACDC2B5F5778001EBA6D /* Poppins-MediumItalic.ttf */; };
		B889ACF12B5F5779001EBA6D /* Poppins-MediumItalic.ttf in Resources */ = {isa = PBXBuildFile; fileRef = B889ACDC2B5F5778001EBA6D /* Poppins-MediumItalic.ttf */; };
		B889ACF22B5F5779001EBA6D /* Poppins-ThinItalic.ttf in Resources */ = {isa = PBXBuildFile; fileRef = B889ACDD2B5F5778001EBA6D /* Poppins-ThinItalic.ttf */; };
		B889ACF32B5F5779001EBA6D /* Poppins-ThinItalic.ttf in Resources */ = {isa = PBXBuildFile; fileRef = B889ACDD2B5F5778001EBA6D /* Poppins-ThinItalic.ttf */; };
		B889ACF42B5F5779001EBA6D /* Poppins-Italic.ttf in Resources */ = {isa = PBXBuildFile; fileRef = B889ACDE2B5F5779001EBA6D /* Poppins-Italic.ttf */; };
		B889ACF52B5F5779001EBA6D /* Poppins-Italic.ttf in Resources */ = {isa = PBXBuildFile; fileRef = B889ACDE2B5F5779001EBA6D /* Poppins-Italic.ttf */; };
		B889ACF62B5F5779001EBA6D /* Poppins-SemiBoldItalic.ttf in Resources */ = {isa = PBXBuildFile; fileRef = B889ACDF2B5F5779001EBA6D /* Poppins-SemiBoldItalic.ttf */; };
		B889ACF72B5F5779001EBA6D /* Poppins-SemiBoldItalic.ttf in Resources */ = {isa = PBXBuildFile; fileRef = B889ACDF2B5F5779001EBA6D /* Poppins-SemiBoldItalic.ttf */; };
		B889ACF82B5F5779001EBA6D /* Poppins-Medium.ttf in Resources */ = {isa = PBXBuildFile; fileRef = B889ACE02B5F5779001EBA6D /* Poppins-Medium.ttf */; };
		B889ACF92B5F5779001EBA6D /* Poppins-Medium.ttf in Resources */ = {isa = PBXBuildFile; fileRef = B889ACE02B5F5779001EBA6D /* Poppins-Medium.ttf */; };
		B889ACFA2B5F5779001EBA6D /* Poppins-ExtraBoldItalic.ttf in Resources */ = {isa = PBXBuildFile; fileRef = B889ACE12B5F5779001EBA6D /* Poppins-ExtraBoldItalic.ttf */; };
		B889ACFB2B5F5779001EBA6D /* Poppins-ExtraBoldItalic.ttf in Resources */ = {isa = PBXBuildFile; fileRef = B889ACE12B5F5779001EBA6D /* Poppins-ExtraBoldItalic.ttf */; };
		B889ACFC2B5F5779001EBA6D /* Poppins-BlackItalic.ttf in Resources */ = {isa = PBXBuildFile; fileRef = B889ACE22B5F5779001EBA6D /* Poppins-BlackItalic.ttf */; };
		B889ACFD2B5F577A001EBA6D /* Poppins-BlackItalic.ttf in Resources */ = {isa = PBXBuildFile; fileRef = B889ACE22B5F5779001EBA6D /* Poppins-BlackItalic.ttf */; };
		B889ACFE2B5F577A001EBA6D /* Poppins-ExtraLightItalic.ttf in Resources */ = {isa = PBXBuildFile; fileRef = B889ACE32B5F5779001EBA6D /* Poppins-ExtraLightItalic.ttf */; };
		B889ACFF2B5F577A001EBA6D /* Poppins-ExtraLightItalic.ttf in Resources */ = {isa = PBXBuildFile; fileRef = B889ACE32B5F5779001EBA6D /* Poppins-ExtraLightItalic.ttf */; };
		B889AD002B5F577A001EBA6D /* Poppins-SemiBold.ttf in Resources */ = {isa = PBXBuildFile; fileRef = B889ACE42B5F5779001EBA6D /* Poppins-SemiBold.ttf */; };
		B889AD012B5F577A001EBA6D /* Poppins-SemiBold.ttf in Resources */ = {isa = PBXBuildFile; fileRef = B889ACE42B5F5779001EBA6D /* Poppins-SemiBold.ttf */; };
		B889AD022B5F577A001EBA6D /* Poppins-Light.ttf in Resources */ = {isa = PBXBuildFile; fileRef = B889ACE52B5F5779001EBA6D /* Poppins-Light.ttf */; };
		B889AD032B5F577A001EBA6D /* Poppins-Light.ttf in Resources */ = {isa = PBXBuildFile; fileRef = B889ACE52B5F5779001EBA6D /* Poppins-Light.ttf */; };
		B889AD042B5F577A001EBA6D /* Poppins-Thin.ttf in Resources */ = {isa = PBXBuildFile; fileRef = B889ACE62B5F5779001EBA6D /* Poppins-Thin.ttf */; };
		B889AD052B5F577A001EBA6D /* Poppins-Thin.ttf in Resources */ = {isa = PBXBuildFile; fileRef = B889ACE62B5F5779001EBA6D /* Poppins-Thin.ttf */; };
		B889AD062B5F577A001EBA6D /* Poppins-LightItalic.ttf in Resources */ = {isa = PBXBuildFile; fileRef = B889ACE72B5F5779001EBA6D /* Poppins-LightItalic.ttf */; };
		B889AD072B5F577A001EBA6D /* Poppins-LightItalic.ttf in Resources */ = {isa = PBXBuildFile; fileRef = B889ACE72B5F5779001EBA6D /* Poppins-LightItalic.ttf */; };
		B889AD082B5F577A001EBA6D /* Poppins-BoldItalic.ttf in Resources */ = {isa = PBXBuildFile; fileRef = B889ACE82B5F5779001EBA6D /* Poppins-BoldItalic.ttf */; };
		B889AD092B5F577A001EBA6D /* Poppins-BoldItalic.ttf in Resources */ = {isa = PBXBuildFile; fileRef = B889ACE82B5F5779001EBA6D /* Poppins-BoldItalic.ttf */; };
		B889AD0A2B5F577A001EBA6D /* Poppins-ExtraLight.ttf in Resources */ = {isa = PBXBuildFile; fileRef = B889ACE92B5F5779001EBA6D /* Poppins-ExtraLight.ttf */; };
		B889AD0B2B5F577A001EBA6D /* Poppins-ExtraLight.ttf in Resources */ = {isa = PBXBuildFile; fileRef = B889ACE92B5F5779001EBA6D /* Poppins-ExtraLight.ttf */; };
		B889AD0C2B5F577A001EBA6D /* Poppins-Black.ttf in Resources */ = {isa = PBXBuildFile; fileRef = B889ACEA2B5F5779001EBA6D /* Poppins-Black.ttf */; };
		B889AD0D2B5F577A001EBA6D /* Poppins-Black.ttf in Resources */ = {isa = PBXBuildFile; fileRef = B889ACEA2B5F5779001EBA6D /* Poppins-Black.ttf */; };
		B889AD0E2B5F577A001EBA6D /* Poppins-Regular.ttf in Resources */ = {isa = PBXBuildFile; fileRef = B889ACEB2B5F5779001EBA6D /* Poppins-Regular.ttf */; };
		B889AD0F2B5F577A001EBA6D /* Poppins-Regular.ttf in Resources */ = {isa = PBXBuildFile; fileRef = B889ACEB2B5F5779001EBA6D /* Poppins-Regular.ttf */; };
		B889AD122B5F5F76001EBA6D /* PaymentContentView.swift in Sources */ = {isa = PBXBuildFile; fileRef = B889AD112B5F5F76001EBA6D /* PaymentContentView.swift */; };
		B889AD132B5F5F76001EBA6D /* PaymentContentView.swift in Sources */ = {isa = PBXBuildFile; fileRef = B889AD112B5F5F76001EBA6D /* PaymentContentView.swift */; };
		B889AD162B5FD01D001EBA6D /* PaymentChannelCell.swift in Sources */ = {isa = PBXBuildFile; fileRef = B889AD152B5FD01D001EBA6D /* PaymentChannelCell.swift */; };
		B889AD172B5FD01D001EBA6D /* PaymentChannelCell.swift in Sources */ = {isa = PBXBuildFile; fileRef = B889AD152B5FD01D001EBA6D /* PaymentChannelCell.swift */; };
		B889AD192B5FD097001EBA6D /* PaymentChannelModel.swift in Sources */ = {isa = PBXBuildFile; fileRef = B889AD182B5FD097001EBA6D /* PaymentChannelModel.swift */; };
		B889AD1A2B5FD097001EBA6D /* PaymentChannelModel.swift in Sources */ = {isa = PBXBuildFile; fileRef = B889AD182B5FD097001EBA6D /* PaymentChannelModel.swift */; };
		B889AD232B602DDD001EBA6D /* BJTextField.swift in Sources */ = {isa = PBXBuildFile; fileRef = B889AD222B602DDD001EBA6D /* BJTextField.swift */; };
		B889AD242B602DDD001EBA6D /* BJTextField.swift in Sources */ = {isa = PBXBuildFile; fileRef = B889AD222B602DDD001EBA6D /* BJTextField.swift */; };
		B889AD292B6040BA001EBA6D /* CardPaymentView.swift in Sources */ = {isa = PBXBuildFile; fileRef = B889AD282B6040BA001EBA6D /* CardPaymentView.swift */; };
		B889AD2A2B6040BA001EBA6D /* CardPaymentView.swift in Sources */ = {isa = PBXBuildFile; fileRef = B889AD282B6040BA001EBA6D /* CardPaymentView.swift */; };
		B889AD2C2B604135001EBA6D /* CardPaymentContentView.swift in Sources */ = {isa = PBXBuildFile; fileRef = B889AD2B2B604135001EBA6D /* CardPaymentContentView.swift */; };
		B889AD2D2B604136001EBA6D /* CardPaymentContentView.swift in Sources */ = {isa = PBXBuildFile; fileRef = B889AD2B2B604135001EBA6D /* CardPaymentContentView.swift */; };
		B889AD322B6056EA001EBA6D /* PaymentFootView.swift in Sources */ = {isa = PBXBuildFile; fileRef = B889AD312B6056EA001EBA6D /* PaymentFootView.swift */; };
		B889AD332B6056EA001EBA6D /* PaymentFootView.swift in Sources */ = {isa = PBXBuildFile; fileRef = B889AD312B6056EA001EBA6D /* PaymentFootView.swift */; };
		B889AD362B605845001EBA6D /* OTPContentView.swift in Sources */ = {isa = PBXBuildFile; fileRef = B889AD352B605845001EBA6D /* OTPContentView.swift */; };
		B889AD372B605845001EBA6D /* OTPContentView.swift in Sources */ = {isa = PBXBuildFile; fileRef = B889AD352B605845001EBA6D /* OTPContentView.swift */; };
		B889AD392B6058C6001EBA6D /* OTPView.swift in Sources */ = {isa = PBXBuildFile; fileRef = B889AD382B6058C6001EBA6D /* OTPView.swift */; };
		B889AD3A2B6058C6001EBA6D /* OTPView.swift in Sources */ = {isa = PBXBuildFile; fileRef = B889AD382B6058C6001EBA6D /* OTPView.swift */; };
		B889AD3D2B605BB1001EBA6D /* TransactionCompleteView.swift in Sources */ = {isa = PBXBuildFile; fileRef = B889AD3C2B605BB1001EBA6D /* TransactionCompleteView.swift */; };
		B889AD3E2B605BB1001EBA6D /* TransactionCompleteView.swift in Sources */ = {isa = PBXBuildFile; fileRef = B889AD3C2B605BB1001EBA6D /* TransactionCompleteView.swift */; };
		B889AD402B605BC4001EBA6D /* TransactionCompleteContentView.swift in Sources */ = {isa = PBXBuildFile; fileRef = B889AD3F2B605BC4001EBA6D /* TransactionCompleteContentView.swift */; };
		B889AD412B605BC4001EBA6D /* TransactionCompleteContentView.swift in Sources */ = {isa = PBXBuildFile; fileRef = B889AD3F2B605BC4001EBA6D /* TransactionCompleteContentView.swift */; };
		B889AD442B605E3A001EBA6D /* OTPController.swift in Sources */ = {isa = PBXBuildFile; fileRef = B889AD432B605E3A001EBA6D /* OTPController.swift */; };
		B889AD452B605E3A001EBA6D /* OTPController.swift in Sources */ = {isa = PBXBuildFile; fileRef = B889AD432B605E3A001EBA6D /* OTPController.swift */; };
		B889AD472B605E50001EBA6D /* TransactionCompleteController.swift in Sources */ = {isa = PBXBuildFile; fileRef = B889AD462B605E50001EBA6D /* TransactionCompleteController.swift */; };
		B889AD482B605E50001EBA6D /* TransactionCompleteController.swift in Sources */ = {isa = PBXBuildFile; fileRef = B889AD462B605E50001EBA6D /* TransactionCompleteController.swift */; };
		B8D3E1F82B94948B006F49BE /* BundleHelper.swift in Sources */ = {isa = PBXBuildFile; fileRef = B8D3E1F72B94948B006F49BE /* BundleHelper.swift */; };
		B8D3E1F92B94948B006F49BE /* BundleHelper.swift in Sources */ = {isa = PBXBuildFile; fileRef = B8D3E1F72B94948B006F49BE /* BundleHelper.swift */; };
		B8D412E92B5D188C0089737E /* ControllerFactory.swift in Sources */ = {isa = PBXBuildFile; fileRef = B8D412E82B5D188C0089737E /* ControllerFactory.swift */; };
		B8D412FA2B5D57AF0089737E /* RexpayConfig.swift in Sources */ = {isa = PBXBuildFile; fileRef = B825BDDA2B5CA56E00B47C1A /* RexpayConfig.swift */; };
		B8D412FB2B5D58260089737E /* RexpaySDKResponse.swift in Sources */ = {isa = PBXBuildFile; fileRef = B825BDDC2B5CA61700B47C1A /* RexpaySDKResponse.swift */; };
		B8D412FC2B5D6A020089737E /* RexpaySDK.swift in Sources */ = {isa = PBXBuildFile; fileRef = B825BDDE2B5CA69B00B47C1A /* RexpaySDK.swift */; };
		B8D412FD2B5D6C4B0089737E /* Coordinator.swift in Sources */ = {isa = PBXBuildFile; fileRef = B825BDEB2B5CAC8700B47C1A /* Coordinator.swift */; };
		B8D412FE2B5D6C770089737E /* ControllerFactory.swift in Sources */ = {isa = PBXBuildFile; fileRef = B8D412E82B5D188C0089737E /* ControllerFactory.swift */; };
		B8D412FF2B5D6C770089737E /* Dependencies.swift in Sources */ = {isa = PBXBuildFile; fileRef = B825BDEF2B5CAD5000B47C1A /* Dependencies.swift */; };
		B8D413002B5D6CB60089737E /* BankRepository.swift in Sources */ = {isa = PBXBuildFile; fileRef = B825BDE72B5CAB1200B47C1A /* BankRepository.swift */; };
		B8D413012B5D6CB60089737E /* CardRepository.swift in Sources */ = {isa = PBXBuildFile; fileRef = B825BDE92B5CAB4200B47C1A /* CardRepository.swift */; };
		B8D413022B5D6CB60089737E /* PaymentController.swift in Sources */ = {isa = PBXBuildFile; fileRef = B825BDE12B5CA78500B47C1A /* PaymentController.swift */; };
		B8D413032B5D6CB60089737E /* CardPaymentController.swift in Sources */ = {isa = PBXBuildFile; fileRef = B825BDE32B5CA7AC00B47C1A /* CardPaymentController.swift */; };
		B8D413042B5D6CD00089737E /* RexpaySDKView.swift in Sources */ = {isa = PBXBuildFile; fileRef = B825BDF22B5CB13900B47C1A /* RexpaySDKView.swift */; };
		B8D4130D2B5E87A60089737E /* PaymentView.swift in Sources */ = {isa = PBXBuildFile; fileRef = B8D4130C2B5E87A60089737E /* PaymentView.swift */; };
		B8D4130E2B5E87A60089737E /* PaymentView.swift in Sources */ = {isa = PBXBuildFile; fileRef = B8D4130C2B5E87A60089737E /* PaymentView.swift */; };
		B8D413142B5E88D70089737E /* UIView+Layout.swift in Sources */ = {isa = PBXBuildFile; fileRef = B8D413132B5E88D70089737E /* UIView+Layout.swift */; };
		B8D413152B5E88D70089737E /* UIView+Layout.swift in Sources */ = {isa = PBXBuildFile; fileRef = B8D413132B5E88D70089737E /* UIView+Layout.swift */; };
		B8D4131C2B5E8E960089737E /* Label.swift in Sources */ = {isa = PBXBuildFile; fileRef = B8D413172B5E8E960089737E /* Label.swift */; };
		B8D4131D2B5E8E960089737E /* Label.swift in Sources */ = {isa = PBXBuildFile; fileRef = B8D413172B5E8E960089737E /* Label.swift */; };
		B8D4131E2B5E8E960089737E /* StackView.swift in Sources */ = {isa = PBXBuildFile; fileRef = B8D413182B5E8E960089737E /* StackView.swift */; };
		B8D4131F2B5E8E960089737E /* StackView.swift in Sources */ = {isa = PBXBuildFile; fileRef = B8D413182B5E8E960089737E /* StackView.swift */; };
		B8D413202B5E8E960089737E /* TextField.swift in Sources */ = {isa = PBXBuildFile; fileRef = B8D413192B5E8E960089737E /* TextField.swift */; };
		B8D413212B5E8E960089737E /* TextField.swift in Sources */ = {isa = PBXBuildFile; fileRef = B8D413192B5E8E960089737E /* TextField.swift */; };
		B8D413222B5E8E960089737E /* Button.swift in Sources */ = {isa = PBXBuildFile; fileRef = B8D4131A2B5E8E960089737E /* Button.swift */; };
		B8D413232B5E8E960089737E /* Button.swift in Sources */ = {isa = PBXBuildFile; fileRef = B8D4131A2B5E8E960089737E /* Button.swift */; };
		B8D413242B5E8E960089737E /* Toast.swift in Sources */ = {isa = PBXBuildFile; fileRef = B8D4131B2B5E8E960089737E /* Toast.swift */; };
		B8D413252B5E8E960089737E /* Toast.swift in Sources */ = {isa = PBXBuildFile; fileRef = B8D4131B2B5E8E960089737E /* Toast.swift */; };
		B8D413342B5E8F0B0089737E /* Constant.swift in Sources */ = {isa = PBXBuildFile; fileRef = B8D413272B5E8F0B0089737E /* Constant.swift */; };
		B8D413352B5E8F0B0089737E /* Constant.swift in Sources */ = {isa = PBXBuildFile; fileRef = B8D413272B5E8F0B0089737E /* Constant.swift */; };
		B8D413362B5E8F0B0089737E /* UIImageView+Extension.swift in Sources */ = {isa = PBXBuildFile; fileRef = B8D413292B5E8F0B0089737E /* UIImageView+Extension.swift */; };
		B8D413372B5E8F0B0089737E /* UIImageView+Extension.swift in Sources */ = {isa = PBXBuildFile; fileRef = B8D413292B5E8F0B0089737E /* UIImageView+Extension.swift */; };
		B8D413382B5E8F0B0089737E /* UIFont+Extension.swift in Sources */ = {isa = PBXBuildFile; fileRef = B8D4132A2B5E8F0B0089737E /* UIFont+Extension.swift */; };
		B8D413392B5E8F0B0089737E /* UIFont+Extension.swift in Sources */ = {isa = PBXBuildFile; fileRef = B8D4132A2B5E8F0B0089737E /* UIFont+Extension.swift */; };
		B8D4133A2B5E8F0B0089737E /* UIColor+Extension.swift in Sources */ = {isa = PBXBuildFile; fileRef = B8D4132B2B5E8F0B0089737E /* UIColor+Extension.swift */; };
		B8D4133B2B5E8F0B0089737E /* UIColor+Extension.swift in Sources */ = {isa = PBXBuildFile; fileRef = B8D4132B2B5E8F0B0089737E /* UIColor+Extension.swift */; };
		B8D4133C2B5E8F0B0089737E /* UIWindow+Extension.swift in Sources */ = {isa = PBXBuildFile; fileRef = B8D4132C2B5E8F0B0089737E /* UIWindow+Extension.swift */; };
		B8D4133D2B5E8F0C0089737E /* UIWindow+Extension.swift in Sources */ = {isa = PBXBuildFile; fileRef = B8D4132C2B5E8F0B0089737E /* UIWindow+Extension.swift */; };
		B8D4133E2B5E8F0C0089737E /* UIEdgeInsects+Extension.swift in Sources */ = {isa = PBXBuildFile; fileRef = B8D4132D2B5E8F0B0089737E /* UIEdgeInsects+Extension.swift */; };
		B8D4133F2B5E8F0C0089737E /* UIEdgeInsects+Extension.swift in Sources */ = {isa = PBXBuildFile; fileRef = B8D4132D2B5E8F0B0089737E /* UIEdgeInsects+Extension.swift */; };
		B8D413402B5E8F0C0089737E /* UIButton+Extension.swift in Sources */ = {isa = PBXBuildFile; fileRef = B8D4132E2B5E8F0B0089737E /* UIButton+Extension.swift */; };
		B8D413412B5E8F0C0089737E /* UIButton+Extension.swift in Sources */ = {isa = PBXBuildFile; fileRef = B8D4132E2B5E8F0B0089737E /* UIButton+Extension.swift */; };
		B8D413422B5E8F0C0089737E /* NSObject+Extension.swift in Sources */ = {isa = PBXBuildFile; fileRef = B8D4132F2B5E8F0B0089737E /* NSObject+Extension.swift */; };
		B8D413432B5E8F0C0089737E /* NSObject+Extension.swift in Sources */ = {isa = PBXBuildFile; fileRef = B8D4132F2B5E8F0B0089737E /* NSObject+Extension.swift */; };
		B8D413442B5E8F0C0089737E /* UIView+Extension.swift in Sources */ = {isa = PBXBuildFile; fileRef = B8D413302B5E8F0B0089737E /* UIView+Extension.swift */; };
		B8D413452B5E8F0C0089737E /* UIView+Extension.swift in Sources */ = {isa = PBXBuildFile; fileRef = B8D413302B5E8F0B0089737E /* UIView+Extension.swift */; };
		B8D413462B5E8F0C0089737E /* UICollectionView+Extension.swift in Sources */ = {isa = PBXBuildFile; fileRef = B8D413312B5E8F0B0089737E /* UICollectionView+Extension.swift */; };
		B8D413472B5E8F0C0089737E /* UICollectionView+Extension.swift in Sources */ = {isa = PBXBuildFile; fileRef = B8D413312B5E8F0B0089737E /* UICollectionView+Extension.swift */; };
		B8D413482B5E8F0C0089737E /* UITextField+Extension.swift in Sources */ = {isa = PBXBuildFile; fileRef = B8D413322B5E8F0B0089737E /* UITextField+Extension.swift */; };
		B8D413492B5E8F0C0089737E /* UITextField+Extension.swift in Sources */ = {isa = PBXBuildFile; fileRef = B8D413322B5E8F0B0089737E /* UITextField+Extension.swift */; };
		B8D4134A2B5E8F0C0089737E /* UITableView+Extension.swift in Sources */ = {isa = PBXBuildFile; fileRef = B8D413332B5E8F0B0089737E /* UITableView+Extension.swift */; };
		B8D4134B2B5E8F0C0089737E /* UITableView+Extension.swift in Sources */ = {isa = PBXBuildFile; fileRef = B8D413332B5E8F0B0089737E /* UITableView+Extension.swift */; };
		B8D4134F2B5E9FEE0089737E /* BaseView.swift in Sources */ = {isa = PBXBuildFile; fileRef = B8D4134C2B5E9FEE0089737E /* BaseView.swift */; };
		B8D413502B5E9FEE0089737E /* BaseView.swift in Sources */ = {isa = PBXBuildFile; fileRef = B8D4134C2B5E9FEE0089737E /* BaseView.swift */; };
		B8D413532B5E9FEE0089737E /* MainBaseController.swift in Sources */ = {isa = PBXBuildFile; fileRef = B8D4134E2B5E9FEE0089737E /* MainBaseController.swift */; };
		B8D413542B5E9FEE0089737E /* MainBaseController.swift in Sources */ = {isa = PBXBuildFile; fileRef = B8D4134E2B5E9FEE0089737E /* MainBaseController.swift */; };
		B8D413562B5EA0190089737E /* BaseController.swift in Sources */ = {isa = PBXBuildFile; fileRef = B8D413552B5EA0190089737E /* BaseController.swift */; };
		B8D413572B5EA0190089737E /* BaseController.swift in Sources */ = {isa = PBXBuildFile; fileRef = B8D413552B5EA0190089737E /* BaseController.swift */; };
		B8DB74312B612C570045EF42 /* NetworkService.swift in Sources */ = {isa = PBXBuildFile; fileRef = B8DB74302B612C570045EF42 /* NetworkService.swift */; };
		B8DB74322B612C570045EF42 /* NetworkService.swift in Sources */ = {isa = PBXBuildFile; fileRef = B8DB74302B612C570045EF42 /* NetworkService.swift */; };
		B8DB74342B6155F90045EF42 /* UssdRepository.swift in Sources */ = {isa = PBXBuildFile; fileRef = B8DB74332B6155F90045EF42 /* UssdRepository.swift */; };
		B8DB74352B6155F90045EF42 /* UssdRepository.swift in Sources */ = {isa = PBXBuildFile; fileRef = B8DB74332B6155F90045EF42 /* UssdRepository.swift */; };
		B8DB74372B6156E30045EF42 /* BaseRepository.swift in Sources */ = {isa = PBXBuildFile; fileRef = B8DB74362B6156E30045EF42 /* BaseRepository.swift */; };
		B8DB74382B6156E30045EF42 /* BaseRepository.swift in Sources */ = {isa = PBXBuildFile; fileRef = B8DB74362B6156E30045EF42 /* BaseRepository.swift */; };
		B8DB743D2B615E960045EF42 /* CreatePaymentResponse.swift in Sources */ = {isa = PBXBuildFile; fileRef = B8DB743C2B615E960045EF42 /* CreatePaymentResponse.swift */; };
		B8DB743E2B615E960045EF42 /* CreatePaymentResponse.swift in Sources */ = {isa = PBXBuildFile; fileRef = B8DB743C2B615E960045EF42 /* CreatePaymentResponse.swift */; };
		B8DB74402B6164230045EF42 /* ChargeCardResponse.swift in Sources */ = {isa = PBXBuildFile; fileRef = B8DB743F2B6164230045EF42 /* ChargeCardResponse.swift */; };
		B8DB74412B6164230045EF42 /* ChargeCardResponse.swift in Sources */ = {isa = PBXBuildFile; fileRef = B8DB743F2B6164230045EF42 /* ChargeCardResponse.swift */; };
		B8DB74432B6165830045EF42 /* ChargeCardParam.swift in Sources */ = {isa = PBXBuildFile; fileRef = B8DB74422B6165830045EF42 /* ChargeCardParam.swift */; };
		B8DB74442B6165830045EF42 /* ChargeCardParam.swift in Sources */ = {isa = PBXBuildFile; fileRef = B8DB74422B6165830045EF42 /* ChargeCardParam.swift */; };
		B8E9C8782B6B449E00B0C433 /* BankTransferController.swift in Sources */ = {isa = PBXBuildFile; fileRef = B8E9C8772B6B449E00B0C433 /* BankTransferController.swift */; };
		B8E9C8792B6B449E00B0C433 /* BankTransferController.swift in Sources */ = {isa = PBXBuildFile; fileRef = B8E9C8772B6B449E00B0C433 /* BankTransferController.swift */; };
		B8E9C87E2B6B44B900B0C433 /* BankTransferView.swift in Sources */ = {isa = PBXBuildFile; fileRef = B8E9C87D2B6B44B900B0C433 /* BankTransferView.swift */; };
		B8E9C87F2B6B44B900B0C433 /* BankTransferView.swift in Sources */ = {isa = PBXBuildFile; fileRef = B8E9C87D2B6B44B900B0C433 /* BankTransferView.swift */; };
		B8E9C8812B6B48C600B0C433 /* BankTransferContentView.swift in Sources */ = {isa = PBXBuildFile; fileRef = B8E9C8802B6B48C600B0C433 /* BankTransferContentView.swift */; };
		B8E9C8822B6B48C600B0C433 /* BankTransferContentView.swift in Sources */ = {isa = PBXBuildFile; fileRef = B8E9C8802B6B48C600B0C433 /* BankTransferContentView.swift */; };
		B8E9C8842B6B4C1300B0C433 /* BankTransferViewModel.swift in Sources */ = {isa = PBXBuildFile; fileRef = B8E9C8832B6B4C1300B0C433 /* BankTransferViewModel.swift */; };
		B8E9C8852B6B4C1300B0C433 /* BankTransferViewModel.swift in Sources */ = {isa = PBXBuildFile; fileRef = B8E9C8832B6B4C1300B0C433 /* BankTransferViewModel.swift */; };
		B8E9C8872B6B4C7800B0C433 /* BankTransferResponse.swift in Sources */ = {isa = PBXBuildFile; fileRef = B8E9C8862B6B4C7800B0C433 /* BankTransferResponse.swift */; };
		B8E9C8882B6B4C7800B0C433 /* BankTransferResponse.swift in Sources */ = {isa = PBXBuildFile; fileRef = B8E9C8862B6B4C7800B0C433 /* BankTransferResponse.swift */; };
		B8E9C88A2B6B4F3800B0C433 /* TransactionDetailsResponse.swift in Sources */ = {isa = PBXBuildFile; fileRef = B8E9C8892B6B4F3800B0C433 /* TransactionDetailsResponse.swift */; };
		B8E9C88B2B6B4F3800B0C433 /* TransactionDetailsResponse.swift in Sources */ = {isa = PBXBuildFile; fileRef = B8E9C8892B6B4F3800B0C433 /* TransactionDetailsResponse.swift */; };
		B8E9C88D2B6B509F00B0C433 /* ChargeByUssdResponse.swift in Sources */ = {isa = PBXBuildFile; fileRef = B8E9C88C2B6B509F00B0C433 /* ChargeByUssdResponse.swift */; };
		B8E9C88E2B6B509F00B0C433 /* ChargeByUssdResponse.swift in Sources */ = {isa = PBXBuildFile; fileRef = B8E9C88C2B6B509F00B0C433 /* ChargeByUssdResponse.swift */; };
		B8E9C8902B6B516000B0C433 /* UssdDetailsResponse.swift in Sources */ = {isa = PBXBuildFile; fileRef = B8E9C88F2B6B516000B0C433 /* UssdDetailsResponse.swift */; };
		B8E9C8912B6B516000B0C433 /* UssdDetailsResponse.swift in Sources */ = {isa = PBXBuildFile; fileRef = B8E9C88F2B6B516000B0C433 /* UssdDetailsResponse.swift */; };
		B8E9C8932B6B5CFC00B0C433 /* UssdController.swift in Sources */ = {isa = PBXBuildFile; fileRef = B8E9C8922B6B5CFC00B0C433 /* UssdController.swift */; };
		B8E9C8942B6B5CFC00B0C433 /* UssdController.swift in Sources */ = {isa = PBXBuildFile; fileRef = B8E9C8922B6B5CFC00B0C433 /* UssdController.swift */; };
		B8E9C8982B6B7BD100B0C433 /* UssdViewModel.swift in Sources */ = {isa = PBXBuildFile; fileRef = B8E9C8972B6B7BD100B0C433 /* UssdViewModel.swift */; };
		B8E9C8992B6B7BD100B0C433 /* UssdViewModel.swift in Sources */ = {isa = PBXBuildFile; fileRef = B8E9C8972B6B7BD100B0C433 /* UssdViewModel.swift */; };
		B8E9C89E2B6B7CF400B0C433 /* UssdView.swift in Sources */ = {isa = PBXBuildFile; fileRef = B8E9C89D2B6B7CF400B0C433 /* UssdView.swift */; };
		B8E9C89F2B6B7CF400B0C433 /* UssdView.swift in Sources */ = {isa = PBXBuildFile; fileRef = B8E9C89D2B6B7CF400B0C433 /* UssdView.swift */; };
		B8E9C8A12B6B7D7300B0C433 /* UssdContentView.swift in Sources */ = {isa = PBXBuildFile; fileRef = B8E9C8A02B6B7D7300B0C433 /* UssdContentView.swift */; };
		B8E9C8A22B6B7D7300B0C433 /* UssdContentView.swift in Sources */ = {isa = PBXBuildFile; fileRef = B8E9C8A02B6B7D7300B0C433 /* UssdContentView.swift */; };
		B8E9C8A42B6B8FFF00B0C433 /* BankDropDownController.swift in Sources */ = {isa = PBXBuildFile; fileRef = B8E9C8A32B6B8FFF00B0C433 /* BankDropDownController.swift */; };
		B8E9C8A52B6B8FFF00B0C433 /* BankDropDownController.swift in Sources */ = {isa = PBXBuildFile; fileRef = B8E9C8A32B6B8FFF00B0C433 /* BankDropDownController.swift */; };
/* End PBXBuildFile section */

/* Begin PBXContainerItemProxy section */
		B825BD372B5C9D7D00B47C1A /* PBXContainerItemProxy */ = {
			isa = PBXContainerItemProxy;
			containerPortal = B825BD222B5C9D7D00B47C1A /* Project object */;
			proxyType = 1;
			remoteGlobalIDString = B825BD2A2B5C9D7D00B47C1A;
			remoteInfo = RexpaySDK;
		};
		B825BDD52B5CA0DC00B47C1A /* PBXContainerItemProxy */ = {
			isa = PBXContainerItemProxy;
			containerPortal = B825BDCC2B5CA0D500B47C1A /* SwiftUIExample.xcodeproj */;
			proxyType = 2;
			remoteGlobalIDString = B825BDBB2B5CA0D400B47C1A;
			remoteInfo = SwiftUIExample;
		};
		B8D412E52B5D13620089737E /* PBXContainerItemProxy */ = {
			isa = PBXContainerItemProxy;
			containerPortal = B825BDAC2B5CA06E00B47C1A /* UIKitExample.xcodeproj */;
			proxyType = 2;
			remoteGlobalIDString = B825BD952B5CA06C00B47C1A;
			remoteInfo = UIKitExample;
		};
/* End PBXContainerItemProxy section */

/* Begin PBXCopyFilesBuildPhase section */
		B81B0E822B6692720027F4FB /* Embed Frameworks */ = {
			isa = PBXCopyFilesBuildPhase;
			buildActionMask = 2147483647;
			dstPath = "";
			dstSubfolderSpec = 10;
			files = (
				B81B0E812B6692720027F4FB /* ObjectivePGP.xcframework in Embed Frameworks */,
			);
			name = "Embed Frameworks";
			runOnlyForDeploymentPostprocessing = 0;
		};
/* End PBXCopyFilesBuildPhase section */

/* Begin PBXFileReference section */
		B81B0E192B653CF00027F4FB /* String+Extension.swift */ = {isa = PBXFileReference; lastKnownFileType = sourcecode.swift; path = "String+Extension.swift"; sourceTree = "<group>"; };
		B81B0E1D2B6568D20027F4FB /* ErrorReponse.swift */ = {isa = PBXFileReference; lastKnownFileType = sourcecode.swift; path = ErrorReponse.swift; sourceTree = "<group>"; };
		B81B0E202B656BDD0027F4FB /* SharedRepository.swift */ = {isa = PBXFileReference; lastKnownFileType = sourcecode.swift; path = SharedRepository.swift; sourceTree = "<group>"; };
		B81B0E232B656C570027F4FB /* CardViewModel.swift */ = {isa = PBXFileReference; lastKnownFileType = sourcecode.swift; path = CardViewModel.swift; sourceTree = "<group>"; };
		B81B0E262B6591E90027F4FB /* NetworkServiceConstant.swift */ = {isa = PBXFileReference; lastKnownFileType = sourcecode.swift; path = NetworkServiceConstant.swift; sourceTree = "<group>"; };
		B81B0E7F2B6692720027F4FB /* ObjectivePGP.xcframework */ = {isa = PBXFileReference; lastKnownFileType = wrapper.xcframework; name = ObjectivePGP.xcframework; path = "../../../Desktop/FINTECH WEBSITE/ObjectivePGP.xcframework"; sourceTree = "<group>"; };
		B81B0E832B6695430027F4FB /* ObjectivePGPHelper.swift */ = {isa = PBXFileReference; lastKnownFileType = sourcecode.swift; path = ObjectivePGPHelper.swift; sourceTree = "<group>"; };
		B81B0E862B669D0E0027F4FB /* ResponseWithNoBody.swift */ = {isa = PBXFileReference; lastKnownFileType = sourcecode.swift; path = ResponseWithNoBody.swift; sourceTree = "<group>"; };
		B825BD2B2B5C9D7D00B47C1A /* RexpaySDK.framework */ = {isa = PBXFileReference; explicitFileType = wrapper.framework; includeInIndex = 0; path = RexpaySDK.framework; sourceTree = BUILT_PRODUCTS_DIR; };
		B825BD2E2B5C9D7D00B47C1A /* RexpaySDK.h */ = {isa = PBXFileReference; lastKnownFileType = sourcecode.c.h; path = RexpaySDK.h; sourceTree = "<group>"; };
		B825BD2F2B5C9D7D00B47C1A /* RexpaySDK.docc */ = {isa = PBXFileReference; lastKnownFileType = folder.documentationcatalog; path = RexpaySDK.docc; sourceTree = "<group>"; };
		B825BD352B5C9D7D00B47C1A /* RexpaySDKTests.xctest */ = {isa = PBXFileReference; explicitFileType = wrapper.cfbundle; includeInIndex = 0; path = RexpaySDKTests.xctest; sourceTree = BUILT_PRODUCTS_DIR; };
		B825BD3A2B5C9D7D00B47C1A /* RexpaySDKTests.swift */ = {isa = PBXFileReference; lastKnownFileType = sourcecode.swift; path = RexpaySDKTests.swift; sourceTree = "<group>"; };
		B825BDAC2B5CA06E00B47C1A /* UIKitExample.xcodeproj */ = {isa = PBXFileReference; lastKnownFileType = "wrapper.pb-project"; name = UIKitExample.xcodeproj; path = UIKitExample/UIKitExample.xcodeproj; sourceTree = "<group>"; };
		B825BDCC2B5CA0D500B47C1A /* SwiftUIExample.xcodeproj */ = {isa = PBXFileReference; lastKnownFileType = "wrapper.pb-project"; name = SwiftUIExample.xcodeproj; path = SwiftUIExample/SwiftUIExample.xcodeproj; sourceTree = "<group>"; };
		B825BDDA2B5CA56E00B47C1A /* RexpayConfig.swift */ = {isa = PBXFileReference; lastKnownFileType = sourcecode.swift; path = RexpayConfig.swift; sourceTree = "<group>"; };
		B825BDDC2B5CA61700B47C1A /* RexpaySDKResponse.swift */ = {isa = PBXFileReference; lastKnownFileType = sourcecode.swift; path = RexpaySDKResponse.swift; sourceTree = "<group>"; };
		B825BDDE2B5CA69B00B47C1A /* RexpaySDK.swift */ = {isa = PBXFileReference; lastKnownFileType = sourcecode.swift; path = RexpaySDK.swift; sourceTree = "<group>"; };
		B825BDE12B5CA78500B47C1A /* PaymentController.swift */ = {isa = PBXFileReference; lastKnownFileType = sourcecode.swift; path = PaymentController.swift; sourceTree = "<group>"; };
		B825BDE32B5CA7AC00B47C1A /* CardPaymentController.swift */ = {isa = PBXFileReference; lastKnownFileType = sourcecode.swift; path = CardPaymentController.swift; sourceTree = "<group>"; };
		B825BDE72B5CAB1200B47C1A /* BankRepository.swift */ = {isa = PBXFileReference; lastKnownFileType = sourcecode.swift; path = BankRepository.swift; sourceTree = "<group>"; };
		B825BDE92B5CAB4200B47C1A /* CardRepository.swift */ = {isa = PBXFileReference; lastKnownFileType = sourcecode.swift; path = CardRepository.swift; sourceTree = "<group>"; };
		B825BDEB2B5CAC8700B47C1A /* Coordinator.swift */ = {isa = PBXFileReference; lastKnownFileType = sourcecode.swift; path = Coordinator.swift; sourceTree = "<group>"; };
		B825BDEF2B5CAD5000B47C1A /* Dependencies.swift */ = {isa = PBXFileReference; lastKnownFileType = sourcecode.swift; path = Dependencies.swift; sourceTree = "<group>"; };
		B825BDF22B5CB13900B47C1A /* RexpaySDKView.swift */ = {isa = PBXFileReference; lastKnownFileType = sourcecode.swift; path = RexpaySDKView.swift; sourceTree = "<group>"; };
		B82F0FDE2B7DFB41003A47A6 /* ussdbanks.json */ = {isa = PBXFileReference; fileEncoding = 4; lastKnownFileType = text.json; path = ussdbanks.json; sourceTree = "<group>"; };
		B82F0FED2B8B5B55003A47A6 /* MockURLProtocol.swift */ = {isa = PBXFileReference; lastKnownFileType = sourcecode.swift; path = MockURLProtocol.swift; sourceTree = "<group>"; };
		B836012C2B8C0779001FFDF2 /* landing_page.png */ = {isa = PBXFileReference; lastKnownFileType = image.png; path = landing_page.png; sourceTree = "<group>"; };
		B83601302B8C1F71001FFDF2 /* LaunchingRexpaySDKTest.swift */ = {isa = PBXFileReference; lastKnownFileType = sourcecode.swift; path = LaunchingRexpaySDKTest.swift; sourceTree = "<group>"; };
		B849077E2B6C0DF8009A075E /* Bank.swift */ = {isa = PBXFileReference; lastKnownFileType = sourcecode.swift; path = Bank.swift; sourceTree = "<group>"; };
		B889ACD62B5F5495001EBA6D /* Assets.xcassets */ = {isa = PBXFileReference; lastKnownFileType = folder.assetcatalog; path = Assets.xcassets; sourceTree = "<group>"; };
		B889ACDA2B5F5778001EBA6D /* Poppins-Bold.ttf */ = {isa = PBXFileReference; lastKnownFileType = file; path = "Poppins-Bold.ttf"; sourceTree = "<group>"; };
		B889ACDB2B5F5778001EBA6D /* Poppins-ExtraBold.ttf */ = {isa = PBXFileReference; lastKnownFileType = file; path = "Poppins-ExtraBold.ttf"; sourceTree = "<group>"; };
		B889ACDC2B5F5778001EBA6D /* Poppins-MediumItalic.ttf */ = {isa = PBXFileReference; lastKnownFileType = file; path = "Poppins-MediumItalic.ttf"; sourceTree = "<group>"; };
		B889ACDD2B5F5778001EBA6D /* Poppins-ThinItalic.ttf */ = {isa = PBXFileReference; lastKnownFileType = file; path = "Poppins-ThinItalic.ttf"; sourceTree = "<group>"; };
		B889ACDE2B5F5779001EBA6D /* Poppins-Italic.ttf */ = {isa = PBXFileReference; lastKnownFileType = file; path = "Poppins-Italic.ttf"; sourceTree = "<group>"; };
		B889ACDF2B5F5779001EBA6D /* Poppins-SemiBoldItalic.ttf */ = {isa = PBXFileReference; lastKnownFileType = file; path = "Poppins-SemiBoldItalic.ttf"; sourceTree = "<group>"; };
		B889ACE02B5F5779001EBA6D /* Poppins-Medium.ttf */ = {isa = PBXFileReference; lastKnownFileType = file; path = "Poppins-Medium.ttf"; sourceTree = "<group>"; };
		B889ACE12B5F5779001EBA6D /* Poppins-ExtraBoldItalic.ttf */ = {isa = PBXFileReference; lastKnownFileType = file; path = "Poppins-ExtraBoldItalic.ttf"; sourceTree = "<group>"; };
		B889ACE22B5F5779001EBA6D /* Poppins-BlackItalic.ttf */ = {isa = PBXFileReference; lastKnownFileType = file; path = "Poppins-BlackItalic.ttf"; sourceTree = "<group>"; };
		B889ACE32B5F5779001EBA6D /* Poppins-ExtraLightItalic.ttf */ = {isa = PBXFileReference; lastKnownFileType = file; path = "Poppins-ExtraLightItalic.ttf"; sourceTree = "<group>"; };
		B889ACE42B5F5779001EBA6D /* Poppins-SemiBold.ttf */ = {isa = PBXFileReference; lastKnownFileType = file; path = "Poppins-SemiBold.ttf"; sourceTree = "<group>"; };
		B889ACE52B5F5779001EBA6D /* Poppins-Light.ttf */ = {isa = PBXFileReference; lastKnownFileType = file; path = "Poppins-Light.ttf"; sourceTree = "<group>"; };
		B889ACE62B5F5779001EBA6D /* Poppins-Thin.ttf */ = {isa = PBXFileReference; lastKnownFileType = file; path = "Poppins-Thin.ttf"; sourceTree = "<group>"; };
		B889ACE72B5F5779001EBA6D /* Poppins-LightItalic.ttf */ = {isa = PBXFileReference; lastKnownFileType = file; path = "Poppins-LightItalic.ttf"; sourceTree = "<group>"; };
		B889ACE82B5F5779001EBA6D /* Poppins-BoldItalic.ttf */ = {isa = PBXFileReference; lastKnownFileType = file; path = "Poppins-BoldItalic.ttf"; sourceTree = "<group>"; };
		B889ACE92B5F5779001EBA6D /* Poppins-ExtraLight.ttf */ = {isa = PBXFileReference; lastKnownFileType = file; path = "Poppins-ExtraLight.ttf"; sourceTree = "<group>"; };
		B889ACEA2B5F5779001EBA6D /* Poppins-Black.ttf */ = {isa = PBXFileReference; lastKnownFileType = file; path = "Poppins-Black.ttf"; sourceTree = "<group>"; };
		B889ACEB2B5F5779001EBA6D /* Poppins-Regular.ttf */ = {isa = PBXFileReference; lastKnownFileType = file; path = "Poppins-Regular.ttf"; sourceTree = "<group>"; };
		B889AD112B5F5F76001EBA6D /* PaymentContentView.swift */ = {isa = PBXFileReference; lastKnownFileType = sourcecode.swift; path = PaymentContentView.swift; sourceTree = "<group>"; };
		B889AD152B5FD01D001EBA6D /* PaymentChannelCell.swift */ = {isa = PBXFileReference; lastKnownFileType = sourcecode.swift; path = PaymentChannelCell.swift; sourceTree = "<group>"; };
		B889AD182B5FD097001EBA6D /* PaymentChannelModel.swift */ = {isa = PBXFileReference; lastKnownFileType = sourcecode.swift; path = PaymentChannelModel.swift; sourceTree = "<group>"; };
		B889AD222B602DDD001EBA6D /* BJTextField.swift */ = {isa = PBXFileReference; lastKnownFileType = sourcecode.swift; path = BJTextField.swift; sourceTree = "<group>"; };
		B889AD282B6040BA001EBA6D /* CardPaymentView.swift */ = {isa = PBXFileReference; lastKnownFileType = sourcecode.swift; path = CardPaymentView.swift; sourceTree = "<group>"; };
		B889AD2B2B604135001EBA6D /* CardPaymentContentView.swift */ = {isa = PBXFileReference; lastKnownFileType = sourcecode.swift; path = CardPaymentContentView.swift; sourceTree = "<group>"; };
		B889AD312B6056EA001EBA6D /* PaymentFootView.swift */ = {isa = PBXFileReference; lastKnownFileType = sourcecode.swift; path = PaymentFootView.swift; sourceTree = "<group>"; };
		B889AD352B605845001EBA6D /* OTPContentView.swift */ = {isa = PBXFileReference; lastKnownFileType = sourcecode.swift; path = OTPContentView.swift; sourceTree = "<group>"; };
		B889AD382B6058C6001EBA6D /* OTPView.swift */ = {isa = PBXFileReference; lastKnownFileType = sourcecode.swift; path = OTPView.swift; sourceTree = "<group>"; };
		B889AD3C2B605BB1001EBA6D /* TransactionCompleteView.swift */ = {isa = PBXFileReference; lastKnownFileType = sourcecode.swift; path = TransactionCompleteView.swift; sourceTree = "<group>"; };
		B889AD3F2B605BC4001EBA6D /* TransactionCompleteContentView.swift */ = {isa = PBXFileReference; lastKnownFileType = sourcecode.swift; path = TransactionCompleteContentView.swift; sourceTree = "<group>"; };
		B889AD432B605E3A001EBA6D /* OTPController.swift */ = {isa = PBXFileReference; lastKnownFileType = sourcecode.swift; path = OTPController.swift; sourceTree = "<group>"; };
		B889AD462B605E50001EBA6D /* TransactionCompleteController.swift */ = {isa = PBXFileReference; lastKnownFileType = sourcecode.swift; path = TransactionCompleteController.swift; sourceTree = "<group>"; };
		B8D3E1F72B94948B006F49BE /* BundleHelper.swift */ = {isa = PBXFileReference; lastKnownFileType = sourcecode.swift; path = BundleHelper.swift; sourceTree = "<group>"; };
		B8D412E82B5D188C0089737E /* ControllerFactory.swift */ = {isa = PBXFileReference; lastKnownFileType = sourcecode.swift; path = ControllerFactory.swift; sourceTree = "<group>"; };
		B8D4130C2B5E87A60089737E /* PaymentView.swift */ = {isa = PBXFileReference; lastKnownFileType = sourcecode.swift; path = PaymentView.swift; sourceTree = "<group>"; };
		B8D413132B5E88D70089737E /* UIView+Layout.swift */ = {isa = PBXFileReference; lastKnownFileType = sourcecode.swift; path = "UIView+Layout.swift"; sourceTree = "<group>"; };
		B8D413172B5E8E960089737E /* Label.swift */ = {isa = PBXFileReference; fileEncoding = 4; lastKnownFileType = sourcecode.swift; path = Label.swift; sourceTree = "<group>"; };
		B8D413182B5E8E960089737E /* StackView.swift */ = {isa = PBXFileReference; fileEncoding = 4; lastKnownFileType = sourcecode.swift; path = StackView.swift; sourceTree = "<group>"; };
		B8D413192B5E8E960089737E /* TextField.swift */ = {isa = PBXFileReference; fileEncoding = 4; lastKnownFileType = sourcecode.swift; path = TextField.swift; sourceTree = "<group>"; };
		B8D4131A2B5E8E960089737E /* Button.swift */ = {isa = PBXFileReference; fileEncoding = 4; lastKnownFileType = sourcecode.swift; path = Button.swift; sourceTree = "<group>"; };
		B8D4131B2B5E8E960089737E /* Toast.swift */ = {isa = PBXFileReference; fileEncoding = 4; lastKnownFileType = sourcecode.swift; path = Toast.swift; sourceTree = "<group>"; };
		B8D413272B5E8F0B0089737E /* Constant.swift */ = {isa = PBXFileReference; fileEncoding = 4; lastKnownFileType = sourcecode.swift; path = Constant.swift; sourceTree = "<group>"; };
		B8D413292B5E8F0B0089737E /* UIImageView+Extension.swift */ = {isa = PBXFileReference; fileEncoding = 4; lastKnownFileType = sourcecode.swift; path = "UIImageView+Extension.swift"; sourceTree = "<group>"; };
		B8D4132A2B5E8F0B0089737E /* UIFont+Extension.swift */ = {isa = PBXFileReference; fileEncoding = 4; lastKnownFileType = sourcecode.swift; path = "UIFont+Extension.swift"; sourceTree = "<group>"; };
		B8D4132B2B5E8F0B0089737E /* UIColor+Extension.swift */ = {isa = PBXFileReference; fileEncoding = 4; lastKnownFileType = sourcecode.swift; path = "UIColor+Extension.swift"; sourceTree = "<group>"; };
		B8D4132C2B5E8F0B0089737E /* UIWindow+Extension.swift */ = {isa = PBXFileReference; fileEncoding = 4; lastKnownFileType = sourcecode.swift; path = "UIWindow+Extension.swift"; sourceTree = "<group>"; };
		B8D4132D2B5E8F0B0089737E /* UIEdgeInsects+Extension.swift */ = {isa = PBXFileReference; fileEncoding = 4; lastKnownFileType = sourcecode.swift; path = "UIEdgeInsects+Extension.swift"; sourceTree = "<group>"; };
		B8D4132E2B5E8F0B0089737E /* UIButton+Extension.swift */ = {isa = PBXFileReference; fileEncoding = 4; lastKnownFileType = sourcecode.swift; path = "UIButton+Extension.swift"; sourceTree = "<group>"; };
		B8D4132F2B5E8F0B0089737E /* NSObject+Extension.swift */ = {isa = PBXFileReference; fileEncoding = 4; lastKnownFileType = sourcecode.swift; path = "NSObject+Extension.swift"; sourceTree = "<group>"; };
		B8D413302B5E8F0B0089737E /* UIView+Extension.swift */ = {isa = PBXFileReference; fileEncoding = 4; lastKnownFileType = sourcecode.swift; path = "UIView+Extension.swift"; sourceTree = "<group>"; };
		B8D413312B5E8F0B0089737E /* UICollectionView+Extension.swift */ = {isa = PBXFileReference; fileEncoding = 4; lastKnownFileType = sourcecode.swift; path = "UICollectionView+Extension.swift"; sourceTree = "<group>"; };
		B8D413322B5E8F0B0089737E /* UITextField+Extension.swift */ = {isa = PBXFileReference; fileEncoding = 4; lastKnownFileType = sourcecode.swift; path = "UITextField+Extension.swift"; sourceTree = "<group>"; };
		B8D413332B5E8F0B0089737E /* UITableView+Extension.swift */ = {isa = PBXFileReference; fileEncoding = 4; lastKnownFileType = sourcecode.swift; path = "UITableView+Extension.swift"; sourceTree = "<group>"; };
		B8D4134C2B5E9FEE0089737E /* BaseView.swift */ = {isa = PBXFileReference; fileEncoding = 4; lastKnownFileType = sourcecode.swift; path = BaseView.swift; sourceTree = "<group>"; };
		B8D4134E2B5E9FEE0089737E /* MainBaseController.swift */ = {isa = PBXFileReference; fileEncoding = 4; lastKnownFileType = sourcecode.swift; path = MainBaseController.swift; sourceTree = "<group>"; };
		B8D413552B5EA0190089737E /* BaseController.swift */ = {isa = PBXFileReference; fileEncoding = 4; lastKnownFileType = sourcecode.swift; path = BaseController.swift; sourceTree = "<group>"; };
		B8DB74302B612C570045EF42 /* NetworkService.swift */ = {isa = PBXFileReference; lastKnownFileType = sourcecode.swift; path = NetworkService.swift; sourceTree = "<group>"; };
		B8DB74332B6155F90045EF42 /* UssdRepository.swift */ = {isa = PBXFileReference; lastKnownFileType = sourcecode.swift; path = UssdRepository.swift; sourceTree = "<group>"; };
		B8DB74362B6156E30045EF42 /* BaseRepository.swift */ = {isa = PBXFileReference; lastKnownFileType = sourcecode.swift; path = BaseRepository.swift; sourceTree = "<group>"; };
		B8DB743C2B615E960045EF42 /* CreatePaymentResponse.swift */ = {isa = PBXFileReference; lastKnownFileType = sourcecode.swift; path = CreatePaymentResponse.swift; sourceTree = "<group>"; };
		B8DB743F2B6164230045EF42 /* ChargeCardResponse.swift */ = {isa = PBXFileReference; lastKnownFileType = sourcecode.swift; path = ChargeCardResponse.swift; sourceTree = "<group>"; };
		B8DB74422B6165830045EF42 /* ChargeCardParam.swift */ = {isa = PBXFileReference; lastKnownFileType = sourcecode.swift; path = ChargeCardParam.swift; sourceTree = "<group>"; };
		B8E9C8772B6B449E00B0C433 /* BankTransferController.swift */ = {isa = PBXFileReference; lastKnownFileType = sourcecode.swift; path = BankTransferController.swift; sourceTree = "<group>"; };
		B8E9C87D2B6B44B900B0C433 /* BankTransferView.swift */ = {isa = PBXFileReference; lastKnownFileType = sourcecode.swift; path = BankTransferView.swift; sourceTree = "<group>"; };
		B8E9C8802B6B48C600B0C433 /* BankTransferContentView.swift */ = {isa = PBXFileReference; lastKnownFileType = sourcecode.swift; path = BankTransferContentView.swift; sourceTree = "<group>"; };
		B8E9C8832B6B4C1300B0C433 /* BankTransferViewModel.swift */ = {isa = PBXFileReference; lastKnownFileType = sourcecode.swift; path = BankTransferViewModel.swift; sourceTree = "<group>"; };
		B8E9C8862B6B4C7800B0C433 /* BankTransferResponse.swift */ = {isa = PBXFileReference; lastKnownFileType = sourcecode.swift; path = BankTransferResponse.swift; sourceTree = "<group>"; };
		B8E9C8892B6B4F3800B0C433 /* TransactionDetailsResponse.swift */ = {isa = PBXFileReference; lastKnownFileType = sourcecode.swift; path = TransactionDetailsResponse.swift; sourceTree = "<group>"; };
		B8E9C88C2B6B509F00B0C433 /* ChargeByUssdResponse.swift */ = {isa = PBXFileReference; lastKnownFileType = sourcecode.swift; path = ChargeByUssdResponse.swift; sourceTree = "<group>"; };
		B8E9C88F2B6B516000B0C433 /* UssdDetailsResponse.swift */ = {isa = PBXFileReference; lastKnownFileType = sourcecode.swift; path = UssdDetailsResponse.swift; sourceTree = "<group>"; };
		B8E9C8922B6B5CFC00B0C433 /* UssdController.swift */ = {isa = PBXFileReference; lastKnownFileType = sourcecode.swift; path = UssdController.swift; sourceTree = "<group>"; };
		B8E9C8972B6B7BD100B0C433 /* UssdViewModel.swift */ = {isa = PBXFileReference; lastKnownFileType = sourcecode.swift; path = UssdViewModel.swift; sourceTree = "<group>"; };
		B8E9C89D2B6B7CF400B0C433 /* UssdView.swift */ = {isa = PBXFileReference; lastKnownFileType = sourcecode.swift; path = UssdView.swift; sourceTree = "<group>"; };
		B8E9C8A02B6B7D7300B0C433 /* UssdContentView.swift */ = {isa = PBXFileReference; lastKnownFileType = sourcecode.swift; path = UssdContentView.swift; sourceTree = "<group>"; };
		B8E9C8A32B6B8FFF00B0C433 /* BankDropDownController.swift */ = {isa = PBXFileReference; lastKnownFileType = sourcecode.swift; path = BankDropDownController.swift; sourceTree = "<group>"; };
/* End PBXFileReference section */

/* Begin PBXFrameworksBuildPhase section */
		B825BD282B5C9D7D00B47C1A /* Frameworks */ = {
			isa = PBXFrameworksBuildPhase;
			buildActionMask = 2147483647;
			files = (
				B81B0E802B6692720027F4FB /* ObjectivePGP.xcframework in Frameworks */,
			);
			runOnlyForDeploymentPostprocessing = 0;
		};
		B825BD322B5C9D7D00B47C1A /* Frameworks */ = {
			isa = PBXFrameworksBuildPhase;
			buildActionMask = 2147483647;
			files = (
				B825BD362B5C9D7D00B47C1A /* RexpaySDK.framework in Frameworks */,
			);
			runOnlyForDeploymentPostprocessing = 0;
		};
/* End PBXFrameworksBuildPhase section */

/* Begin PBXGroup section */
		B81B0E1C2B65659E0027F4FB /* ViewModels */ = {
			isa = PBXGroup;
			children = (
				B81B0E232B656C570027F4FB /* CardViewModel.swift */,
				B8E9C8832B6B4C1300B0C433 /* BankTransferViewModel.swift */,
				B8E9C8972B6B7BD100B0C433 /* UssdViewModel.swift */,
			);
			path = ViewModels;
			sourceTree = "<group>";
		};
		B81B0E7C2B6692710027F4FB /* Frameworks */ = {
			isa = PBXGroup;
			children = (
				B81B0E7F2B6692720027F4FB /* ObjectivePGP.xcframework */,
			);
			name = Frameworks;
			sourceTree = "<group>";
		};
		B825BD212B5C9D7D00B47C1A = {
			isa = PBXGroup;
			children = (
				B825BD652B5C9FEF00B47C1A /* Example */,
				B825BD2D2B5C9D7D00B47C1A /* RexpaySDK */,
				B825BD392B5C9D7D00B47C1A /* RexpaySDKTests */,
				B825BD2C2B5C9D7D00B47C1A /* Products */,
				B81B0E7C2B6692710027F4FB /* Frameworks */,
			);
			sourceTree = "<group>";
		};
		B825BD2C2B5C9D7D00B47C1A /* Products */ = {
			isa = PBXGroup;
			children = (
				B825BD2B2B5C9D7D00B47C1A /* RexpaySDK.framework */,
				B825BD352B5C9D7D00B47C1A /* RexpaySDKTests.xctest */,
			);
			name = Products;
			sourceTree = "<group>";
		};
		B825BD2D2B5C9D7D00B47C1A /* RexpaySDK */ = {
			isa = PBXGroup;
			children = (
				B8DB742D2B612C270045EF42 /* NetworkService */,
				B889ACD32B5F5471001EBA6D /* Resources */,
				B8D4130F2B5E87BE0089737E /* Base */,
				B8D412E72B5D18660089737E /* DI */,
				B825BDF12B5CB10700B47C1A /* BridgeFiles */,
				B825BDE52B5CA8E800B47C1A /* Data */,
				B8DB74392B615DAA0045EF42 /* Domain */,
				B825BDE02B5CA72300B47C1A /* Presentation */,
				B825BDD92B5CA32A00B47C1A /* Shared */,
				B836012F2B8C08DD001FFDF2 /* ReadmeFiles */,
				B825BD2E2B5C9D7D00B47C1A /* RexpaySDK.h */,
				B825BD2F2B5C9D7D00B47C1A /* RexpaySDK.docc */,
				B825BDDE2B5CA69B00B47C1A /* RexpaySDK.swift */,
				B825BDEB2B5CAC8700B47C1A /* Coordinator.swift */,
			);
			path = RexpaySDK;
			sourceTree = "<group>";
		};
		B825BD392B5C9D7D00B47C1A /* RexpaySDKTests */ = {
			isa = PBXGroup;
			children = (
				B82F0FEA2B8B5B36003A47A6 /* Mock */,
				B825BD3A2B5C9D7D00B47C1A /* RexpaySDKTests.swift */,
				B83601302B8C1F71001FFDF2 /* LaunchingRexpaySDKTest.swift */,
			);
			path = RexpaySDKTests;
			sourceTree = "<group>";
		};
		B825BD652B5C9FEF00B47C1A /* Example */ = {
			isa = PBXGroup;
			children = (
				B825BDCC2B5CA0D500B47C1A /* SwiftUIExample.xcodeproj */,
				B825BDAC2B5CA06E00B47C1A /* UIKitExample.xcodeproj */,
			);
			path = Example;
			sourceTree = "<group>";
		};
		B825BDD22B5CA0DC00B47C1A /* Products */ = {
			isa = PBXGroup;
			children = (
				B825BDD62B5CA0DC00B47C1A /* SwiftUIExample.app */,
			);
			name = Products;
			sourceTree = "<group>";
		};
		B825BDD92B5CA32A00B47C1A /* Shared */ = {
			isa = PBXGroup;
			children = (
				B8D413272B5E8F0B0089737E /* Constant.swift */,
				B8D413282B5E8F0B0089737E /* Extensions */,
				B8D413162B5E8E960089737E /* Components */,
				B825BDDA2B5CA56E00B47C1A /* RexpayConfig.swift */,
				B825BDDC2B5CA61700B47C1A /* RexpaySDKResponse.swift */,
				B8D413132B5E88D70089737E /* UIView+Layout.swift */,
				B81B0E832B6695430027F4FB /* ObjectivePGPHelper.swift */,
				B8D3E1F72B94948B006F49BE /* BundleHelper.swift */,
			);
			path = Shared;
			sourceTree = "<group>";
		};
		B825BDE02B5CA72300B47C1A /* Presentation */ = {
			isa = PBXGroup;
			children = (
				B81B0E1C2B65659E0027F4FB /* ViewModels */,
				B889AD422B605E1E001EBA6D /* Controllers */,
				B8D413092B5E87830089737E /* Views */,
			);
			path = Presentation;
			sourceTree = "<group>";
		};
		B825BDE52B5CA8E800B47C1A /* Data */ = {
			isa = PBXGroup;
			children = (
				B825BDE62B5CA8FF00B47C1A /* Repository */,
			);
			path = Data;
			sourceTree = "<group>";
		};
		B825BDE62B5CA8FF00B47C1A /* Repository */ = {
			isa = PBXGroup;
			children = (
				B825BDE72B5CAB1200B47C1A /* BankRepository.swift */,
				B825BDE92B5CAB4200B47C1A /* CardRepository.swift */,
				B8DB74332B6155F90045EF42 /* UssdRepository.swift */,
				B8DB74362B6156E30045EF42 /* BaseRepository.swift */,
				B81B0E202B656BDD0027F4FB /* SharedRepository.swift */,
			);
			path = Repository;
			sourceTree = "<group>";
		};
		B825BDF12B5CB10700B47C1A /* BridgeFiles */ = {
			isa = PBXGroup;
			children = (
				B825BDF22B5CB13900B47C1A /* RexpaySDKView.swift */,
			);
			path = BridgeFiles;
			sourceTree = "<group>";
		};
		B82F0FEA2B8B5B36003A47A6 /* Mock */ = {
			isa = PBXGroup;
			children = (
				B82F0FED2B8B5B55003A47A6 /* MockURLProtocol.swift */,
			);
			path = Mock;
			sourceTree = "<group>";
		};
		B836012F2B8C08DD001FFDF2 /* ReadmeFiles */ = {
			isa = PBXGroup;
			children = (
				B836012C2B8C0779001FFDF2 /* landing_page.png */,
			);
			path = ReadmeFiles;
			sourceTree = "<group>";
		};
		B889ACD32B5F5471001EBA6D /* Resources */ = {
			isa = PBXGroup;
			children = (
				B82F0FDE2B7DFB41003A47A6 /* ussdbanks.json */,
				B889ACD92B5F5738001EBA6D /* Poppins */,
				B889ACD62B5F5495001EBA6D /* Assets.xcassets */,
			);
			path = Resources;
			sourceTree = "<group>";
		};
		B889ACD92B5F5738001EBA6D /* Poppins */ = {
			isa = PBXGroup;
			children = (
				B889ACEA2B5F5779001EBA6D /* Poppins-Black.ttf */,
				B889ACE22B5F5779001EBA6D /* Poppins-BlackItalic.ttf */,
				B889ACDA2B5F5778001EBA6D /* Poppins-Bold.ttf */,
				B889ACE82B5F5779001EBA6D /* Poppins-BoldItalic.ttf */,
				B889ACDB2B5F5778001EBA6D /* Poppins-ExtraBold.ttf */,
				B889ACE12B5F5779001EBA6D /* Poppins-ExtraBoldItalic.ttf */,
				B889ACE92B5F5779001EBA6D /* Poppins-ExtraLight.ttf */,
				B889ACE32B5F5779001EBA6D /* Poppins-ExtraLightItalic.ttf */,
				B889ACDE2B5F5779001EBA6D /* Poppins-Italic.ttf */,
				B889ACE52B5F5779001EBA6D /* Poppins-Light.ttf */,
				B889ACE72B5F5779001EBA6D /* Poppins-LightItalic.ttf */,
				B889ACE02B5F5779001EBA6D /* Poppins-Medium.ttf */,
				B889ACDC2B5F5778001EBA6D /* Poppins-MediumItalic.ttf */,
				B889ACEB2B5F5779001EBA6D /* Poppins-Regular.ttf */,
				B889ACE42B5F5779001EBA6D /* Poppins-SemiBold.ttf */,
				B889ACDF2B5F5779001EBA6D /* Poppins-SemiBoldItalic.ttf */,
				B889ACE62B5F5779001EBA6D /* Poppins-Thin.ttf */,
				B889ACDD2B5F5778001EBA6D /* Poppins-ThinItalic.ttf */,
			);
			path = Poppins;
			sourceTree = "<group>";
		};
		B889AD102B5F5F46001EBA6D /* PaymentViews */ = {
			isa = PBXGroup;
			children = (
				B889AD142B5FCFEF001EBA6D /* Cells */,
				B8D4130C2B5E87A60089737E /* PaymentView.swift */,
				B889AD112B5F5F76001EBA6D /* PaymentContentView.swift */,
				B889AD182B5FD097001EBA6D /* PaymentChannelModel.swift */,
			);
			path = PaymentViews;
			sourceTree = "<group>";
		};
		B889AD142B5FCFEF001EBA6D /* Cells */ = {
			isa = PBXGroup;
			children = (
				B889AD152B5FD01D001EBA6D /* PaymentChannelCell.swift */,
			);
			path = Cells;
			sourceTree = "<group>";
		};
		B889AD272B60409D001EBA6D /* CardPaymentViews */ = {
			isa = PBXGroup;
			children = (
				B889AD282B6040BA001EBA6D /* CardPaymentView.swift */,
				B889AD2B2B604135001EBA6D /* CardPaymentContentView.swift */,
			);
			path = CardPaymentViews;
			sourceTree = "<group>";
		};
		B889AD342B605831001EBA6D /* OTPView */ = {
			isa = PBXGroup;
			children = (
				B889AD352B605845001EBA6D /* OTPContentView.swift */,
				B889AD382B6058C6001EBA6D /* OTPView.swift */,
			);
			path = OTPView;
			sourceTree = "<group>";
		};
		B889AD3B2B605B9C001EBA6D /* TransactionCompleteView */ = {
			isa = PBXGroup;
			children = (
				B889AD3C2B605BB1001EBA6D /* TransactionCompleteView.swift */,
				B889AD3F2B605BC4001EBA6D /* TransactionCompleteContentView.swift */,
			);
			path = TransactionCompleteView;
			sourceTree = "<group>";
		};
		B889AD422B605E1E001EBA6D /* Controllers */ = {
			isa = PBXGroup;
			children = (
				B825BDE12B5CA78500B47C1A /* PaymentController.swift */,
				B825BDE32B5CA7AC00B47C1A /* CardPaymentController.swift */,
				B889AD432B605E3A001EBA6D /* OTPController.swift */,
				B889AD462B605E50001EBA6D /* TransactionCompleteController.swift */,
				B8E9C8772B6B449E00B0C433 /* BankTransferController.swift */,
				B8E9C8922B6B5CFC00B0C433 /* UssdController.swift */,
				B8E9C8A32B6B8FFF00B0C433 /* BankDropDownController.swift */,
			);
			path = Controllers;
			sourceTree = "<group>";
		};
		B8D412E12B5D13610089737E /* Products */ = {
			isa = PBXGroup;
			children = (
				B8D412E62B5D13620089737E /* UIKitExample.app */,
			);
			name = Products;
			sourceTree = "<group>";
		};
		B8D412E72B5D18660089737E /* DI */ = {
			isa = PBXGroup;
			children = (
				B8D412E82B5D188C0089737E /* ControllerFactory.swift */,
				B825BDEF2B5CAD5000B47C1A /* Dependencies.swift */,
			);
			path = DI;
			sourceTree = "<group>";
		};
		B8D413092B5E87830089737E /* Views */ = {
			isa = PBXGroup;
			children = (
				B8E9C89C2B6B7CE100B0C433 /* UssdViews */,
				B8E9C87C2B6B44A800B0C433 /* BankTransferViews */,
				B889AD3B2B605B9C001EBA6D /* TransactionCompleteView */,
				B889AD342B605831001EBA6D /* OTPView */,
				B889AD272B60409D001EBA6D /* CardPaymentViews */,
				B889AD102B5F5F46001EBA6D /* PaymentViews */,
				B889AD312B6056EA001EBA6D /* PaymentFootView.swift */,
			);
			path = Views;
			sourceTree = "<group>";
		};
		B8D4130F2B5E87BE0089737E /* Base */ = {
			isa = PBXGroup;
			children = (
				B8D413552B5EA0190089737E /* BaseController.swift */,
				B8D4134C2B5E9FEE0089737E /* BaseView.swift */,
				B8D4134E2B5E9FEE0089737E /* MainBaseController.swift */,
			);
			path = Base;
			sourceTree = "<group>";
		};
		B8D413162B5E8E960089737E /* Components */ = {
			isa = PBXGroup;
			children = (
				B8D413172B5E8E960089737E /* Label.swift */,
				B8D413182B5E8E960089737E /* StackView.swift */,
				B8D413192B5E8E960089737E /* TextField.swift */,
				B8D4131A2B5E8E960089737E /* Button.swift */,
				B8D4131B2B5E8E960089737E /* Toast.swift */,
				B889AD222B602DDD001EBA6D /* BJTextField.swift */,
			);
			path = Components;
			sourceTree = "<group>";
		};
		B8D413282B5E8F0B0089737E /* Extensions */ = {
			isa = PBXGroup;
			children = (
				B8D413292B5E8F0B0089737E /* UIImageView+Extension.swift */,
				B8D4132A2B5E8F0B0089737E /* UIFont+Extension.swift */,
				B8D4132B2B5E8F0B0089737E /* UIColor+Extension.swift */,
				B8D4132C2B5E8F0B0089737E /* UIWindow+Extension.swift */,
				B8D4132D2B5E8F0B0089737E /* UIEdgeInsects+Extension.swift */,
				B8D4132E2B5E8F0B0089737E /* UIButton+Extension.swift */,
				B8D4132F2B5E8F0B0089737E /* NSObject+Extension.swift */,
				B8D413302B5E8F0B0089737E /* UIView+Extension.swift */,
				B8D413312B5E8F0B0089737E /* UICollectionView+Extension.swift */,
				B8D413322B5E8F0B0089737E /* UITextField+Extension.swift */,
				B8D413332B5E8F0B0089737E /* UITableView+Extension.swift */,
				B81B0E192B653CF00027F4FB /* String+Extension.swift */,
			);
			path = Extensions;
			sourceTree = "<group>";
		};
		B8DB742D2B612C270045EF42 /* NetworkService */ = {
			isa = PBXGroup;
			children = (
				B8DB74302B612C570045EF42 /* NetworkService.swift */,
				B81B0E262B6591E90027F4FB /* NetworkServiceConstant.swift */,
			);
			path = NetworkService;
			sourceTree = "<group>";
		};
		B8DB74392B615DAA0045EF42 /* Domain */ = {
			isa = PBXGroup;
			children = (
				B8DB743B2B615E7F0045EF42 /* Usecases */,
				B8DB743A2B615DD00045EF42 /* Entities */,
			);
			path = Domain;
			sourceTree = "<group>";
		};
		B8DB743A2B615DD00045EF42 /* Entities */ = {
			isa = PBXGroup;
			children = (
				B8DB743C2B615E960045EF42 /* CreatePaymentResponse.swift */,
				B8DB743F2B6164230045EF42 /* ChargeCardResponse.swift */,
				B8DB74422B6165830045EF42 /* ChargeCardParam.swift */,
				B81B0E1D2B6568D20027F4FB /* ErrorReponse.swift */,
				B81B0E862B669D0E0027F4FB /* ResponseWithNoBody.swift */,
				B8E9C8862B6B4C7800B0C433 /* BankTransferResponse.swift */,
				B8E9C8892B6B4F3800B0C433 /* TransactionDetailsResponse.swift */,
				B8E9C88C2B6B509F00B0C433 /* ChargeByUssdResponse.swift */,
				B8E9C88F2B6B516000B0C433 /* UssdDetailsResponse.swift */,
				B849077E2B6C0DF8009A075E /* Bank.swift */,
			);
			path = Entities;
			sourceTree = "<group>";
		};
		B8DB743B2B615E7F0045EF42 /* Usecases */ = {
			isa = PBXGroup;
			children = (
			);
			path = Usecases;
			sourceTree = "<group>";
		};
		B8E9C87C2B6B44A800B0C433 /* BankTransferViews */ = {
			isa = PBXGroup;
			children = (
				B8E9C87D2B6B44B900B0C433 /* BankTransferView.swift */,
				B8E9C8802B6B48C600B0C433 /* BankTransferContentView.swift */,
			);
			path = BankTransferViews;
			sourceTree = "<group>";
		};
		B8E9C89C2B6B7CE100B0C433 /* UssdViews */ = {
			isa = PBXGroup;
			children = (
				B8E9C89D2B6B7CF400B0C433 /* UssdView.swift */,
				B8E9C8A02B6B7D7300B0C433 /* UssdContentView.swift */,
			);
			path = UssdViews;
			sourceTree = "<group>";
		};
/* End PBXGroup section */

/* Begin PBXHeadersBuildPhase section */
		B825BD262B5C9D7D00B47C1A /* Headers */ = {
			isa = PBXHeadersBuildPhase;
			buildActionMask = 2147483647;
			files = (
				B825BD3C2B5C9D7D00B47C1A /* RexpaySDK.h in Headers */,
			);
			runOnlyForDeploymentPostprocessing = 0;
		};
/* End PBXHeadersBuildPhase section */

/* Begin PBXNativeTarget section */
		B825BD2A2B5C9D7D00B47C1A /* RexpaySDK */ = {
			isa = PBXNativeTarget;
			buildConfigurationList = B825BD3F2B5C9D7D00B47C1A /* Build configuration list for PBXNativeTarget "RexpaySDK" */;
			buildPhases = (
				B825BD262B5C9D7D00B47C1A /* Headers */,
				B825BD272B5C9D7D00B47C1A /* Sources */,
				B825BD282B5C9D7D00B47C1A /* Frameworks */,
				B825BD292B5C9D7D00B47C1A /* Resources */,
				B81B0E822B6692720027F4FB /* Embed Frameworks */,
			);
			buildRules = (
			);
			dependencies = (
			);
			name = RexpaySDK;
			productName = RexpaySDK;
			productReference = B825BD2B2B5C9D7D00B47C1A /* RexpaySDK.framework */;
			productType = "com.apple.product-type.framework";
		};
		B825BD342B5C9D7D00B47C1A /* RexpaySDKTests */ = {
			isa = PBXNativeTarget;
			buildConfigurationList = B825BD422B5C9D7D00B47C1A /* Build configuration list for PBXNativeTarget "RexpaySDKTests" */;
			buildPhases = (
				B825BD312B5C9D7D00B47C1A /* Sources */,
				B825BD322B5C9D7D00B47C1A /* Frameworks */,
				B825BD332B5C9D7D00B47C1A /* Resources */,
			);
			buildRules = (
			);
			dependencies = (
				B825BD382B5C9D7D00B47C1A /* PBXTargetDependency */,
			);
			name = RexpaySDKTests;
			productName = RexpaySDKTests;
			productReference = B825BD352B5C9D7D00B47C1A /* RexpaySDKTests.xctest */;
			productType = "com.apple.product-type.bundle.unit-test";
		};
/* End PBXNativeTarget section */

/* Begin PBXProject section */
		B825BD222B5C9D7D00B47C1A /* Project object */ = {
			isa = PBXProject;
			attributes = {
				BuildIndependentTargetsInParallel = 1;
				LastSwiftUpdateCheck = 1420;
				LastUpgradeCheck = 1420;
				TargetAttributes = {
					B825BD2A2B5C9D7D00B47C1A = {
						CreatedOnToolsVersion = 14.2;
					};
					B825BD342B5C9D7D00B47C1A = {
						CreatedOnToolsVersion = 14.2;
					};
				};
			};
			buildConfigurationList = B825BD252B5C9D7D00B47C1A /* Build configuration list for PBXProject "RexpaySDK" */;
			compatibilityVersion = "Xcode 14.0";
			developmentRegion = en;
			hasScannedForEncodings = 0;
			knownRegions = (
				en,
				Base,
			);
			mainGroup = B825BD212B5C9D7D00B47C1A;
			productRefGroup = B825BD2C2B5C9D7D00B47C1A /* Products */;
			projectDirPath = "";
			projectReferences = (
				{
					ProductGroup = B825BDD22B5CA0DC00B47C1A /* Products */;
					ProjectRef = B825BDCC2B5CA0D500B47C1A /* SwiftUIExample.xcodeproj */;
				},
				{
					ProductGroup = B8D412E12B5D13610089737E /* Products */;
					ProjectRef = B825BDAC2B5CA06E00B47C1A /* UIKitExample.xcodeproj */;
				},
			);
			projectRoot = "";
			targets = (
				B825BD2A2B5C9D7D00B47C1A /* RexpaySDK */,
				B825BD342B5C9D7D00B47C1A /* RexpaySDKTests */,
			);
		};
/* End PBXProject section */

/* Begin PBXReferenceProxy section */
		B825BDD62B5CA0DC00B47C1A /* SwiftUIExample.app */ = {
			isa = PBXReferenceProxy;
			fileType = wrapper.application;
			path = SwiftUIExample.app;
			remoteRef = B825BDD52B5CA0DC00B47C1A /* PBXContainerItemProxy */;
			sourceTree = BUILT_PRODUCTS_DIR;
		};
		B8D412E62B5D13620089737E /* UIKitExample.app */ = {
			isa = PBXReferenceProxy;
			fileType = wrapper.application;
			path = UIKitExample.app;
			remoteRef = B8D412E52B5D13620089737E /* PBXContainerItemProxy */;
			sourceTree = BUILT_PRODUCTS_DIR;
		};
/* End PBXReferenceProxy section */

/* Begin PBXResourcesBuildPhase section */
		B825BD292B5C9D7D00B47C1A /* Resources */ = {
			isa = PBXResourcesBuildPhase;
			buildActionMask = 2147483647;
			files = (
				B889ACF42B5F5779001EBA6D /* Poppins-Italic.ttf in Resources */,
				B889AD0A2B5F577A001EBA6D /* Poppins-ExtraLight.ttf in Resources */,
				B889AD062B5F577A001EBA6D /* Poppins-LightItalic.ttf in Resources */,
				B889AD042B5F577A001EBA6D /* Poppins-Thin.ttf in Resources */,
				B889AD022B5F577A001EBA6D /* Poppins-Light.ttf in Resources */,
				B82F0FE12B7DFB41003A47A6 /* ussdbanks.json in Resources */,
				B889ACD72B5F5495001EBA6D /* Assets.xcassets in Resources */,
				B889AD0C2B5F577A001EBA6D /* Poppins-Black.ttf in Resources */,
				B889ACFC2B5F5779001EBA6D /* Poppins-BlackItalic.ttf in Resources */,
				B889ACF02B5F5779001EBA6D /* Poppins-MediumItalic.ttf in Resources */,
				B889ACFA2B5F5779001EBA6D /* Poppins-ExtraBoldItalic.ttf in Resources */,
				B836012D2B8C0779001FFDF2 /* landing_page.png in Resources */,
				B889ACF62B5F5779001EBA6D /* Poppins-SemiBoldItalic.ttf in Resources */,
				B889ACFE2B5F577A001EBA6D /* Poppins-ExtraLightItalic.ttf in Resources */,
				B889ACF22B5F5779001EBA6D /* Poppins-ThinItalic.ttf in Resources */,
				B889ACF82B5F5779001EBA6D /* Poppins-Medium.ttf in Resources */,
				B889AD002B5F577A001EBA6D /* Poppins-SemiBold.ttf in Resources */,
				B889ACEE2B5F5779001EBA6D /* Poppins-ExtraBold.ttf in Resources */,
				B889ACEC2B5F5779001EBA6D /* Poppins-Bold.ttf in Resources */,
				B889AD0E2B5F577A001EBA6D /* Poppins-Regular.ttf in Resources */,
				B889AD082B5F577A001EBA6D /* Poppins-BoldItalic.ttf in Resources */,
			);
			runOnlyForDeploymentPostprocessing = 0;
		};
		B825BD332B5C9D7D00B47C1A /* Resources */ = {
			isa = PBXResourcesBuildPhase;
			buildActionMask = 2147483647;
			files = (
				B889ACF52B5F5779001EBA6D /* Poppins-Italic.ttf in Resources */,
				B889AD0B2B5F577A001EBA6D /* Poppins-ExtraLight.ttf in Resources */,
				B889AD072B5F577A001EBA6D /* Poppins-LightItalic.ttf in Resources */,
				B889AD052B5F577A001EBA6D /* Poppins-Thin.ttf in Resources */,
				B889AD032B5F577A001EBA6D /* Poppins-Light.ttf in Resources */,
				B82F0FE22B7DFB41003A47A6 /* ussdbanks.json in Resources */,
				B889ACD82B5F5495001EBA6D /* Assets.xcassets in Resources */,
				B889AD0D2B5F577A001EBA6D /* Poppins-Black.ttf in Resources */,
				B889ACFD2B5F577A001EBA6D /* Poppins-BlackItalic.ttf in Resources */,
				B889ACF12B5F5779001EBA6D /* Poppins-MediumItalic.ttf in Resources */,
				B889ACFB2B5F5779001EBA6D /* Poppins-ExtraBoldItalic.ttf in Resources */,
				B836012E2B8C0779001FFDF2 /* landing_page.png in Resources */,
				B889ACF72B5F5779001EBA6D /* Poppins-SemiBoldItalic.ttf in Resources */,
				B889ACFF2B5F577A001EBA6D /* Poppins-ExtraLightItalic.ttf in Resources */,
				B889ACF32B5F5779001EBA6D /* Poppins-ThinItalic.ttf in Resources */,
				B889ACF92B5F5779001EBA6D /* Poppins-Medium.ttf in Resources */,
				B889AD012B5F577A001EBA6D /* Poppins-SemiBold.ttf in Resources */,
				B889ACEF2B5F5779001EBA6D /* Poppins-ExtraBold.ttf in Resources */,
				B889ACED2B5F5779001EBA6D /* Poppins-Bold.ttf in Resources */,
				B889AD0F2B5F577A001EBA6D /* Poppins-Regular.ttf in Resources */,
				B889AD092B5F577A001EBA6D /* Poppins-BoldItalic.ttf in Resources */,
			);
			runOnlyForDeploymentPostprocessing = 0;
		};
/* End PBXResourcesBuildPhase section */

/* Begin PBXSourcesBuildPhase section */
		B825BD272B5C9D7D00B47C1A /* Sources */ = {
			isa = PBXSourcesBuildPhase;
			buildActionMask = 2147483647;
			files = (
				B825BDE42B5CA7AC00B47C1A /* CardPaymentController.swift in Sources */,
				B825BDEA2B5CAB4200B47C1A /* CardRepository.swift in Sources */,
				B825BDE82B5CAB1200B47C1A /* BankRepository.swift in Sources */,
				B8E9C8842B6B4C1300B0C433 /* BankTransferViewModel.swift in Sources */,
				B825BDF32B5CB13900B47C1A /* RexpaySDKView.swift in Sources */,
				B8D413382B5E8F0B0089737E /* UIFont+Extension.swift in Sources */,
				B889AD2C2B604135001EBA6D /* CardPaymentContentView.swift in Sources */,
				B81B0E272B6591E90027F4FB /* NetworkServiceConstant.swift in Sources */,
				B8D413462B5E8F0C0089737E /* UICollectionView+Extension.swift in Sources */,
				B889AD162B5FD01D001EBA6D /* PaymentChannelCell.swift in Sources */,
				B81B0E872B669D0E0027F4FB /* ResponseWithNoBody.swift in Sources */,
				B8D4133C2B5E8F0B0089737E /* UIWindow+Extension.swift in Sources */,
				B8E9C87E2B6B44B900B0C433 /* BankTransferView.swift in Sources */,
				B889AD122B5F5F76001EBA6D /* PaymentContentView.swift in Sources */,
				B8D413222B5E8E960089737E /* Button.swift in Sources */,
				B8E9C89E2B6B7CF400B0C433 /* UssdView.swift in Sources */,
				B8D4134F2B5E9FEE0089737E /* BaseView.swift in Sources */,
				B889AD392B6058C6001EBA6D /* OTPView.swift in Sources */,
				B825BDDB2B5CA56E00B47C1A /* RexpayConfig.swift in Sources */,
				B8D413442B5E8F0C0089737E /* UIView+Extension.swift in Sources */,
				B889AD362B605845001EBA6D /* OTPContentView.swift in Sources */,
				B8DB74432B6165830045EF42 /* ChargeCardParam.swift in Sources */,
				B889AD292B6040BA001EBA6D /* CardPaymentView.swift in Sources */,
				B8E9C88A2B6B4F3800B0C433 /* TransactionDetailsResponse.swift in Sources */,
				B8D4131C2B5E8E960089737E /* Label.swift in Sources */,
				B889AD472B605E50001EBA6D /* TransactionCompleteController.swift in Sources */,
				B8DB74342B6155F90045EF42 /* UssdRepository.swift in Sources */,
				B8E9C8812B6B48C600B0C433 /* BankTransferContentView.swift in Sources */,
				B8D3E1F82B94948B006F49BE /* BundleHelper.swift in Sources */,
				B825BDDF2B5CA69B00B47C1A /* RexpaySDK.swift in Sources */,
				B889AD442B605E3A001EBA6D /* OTPController.swift in Sources */,
				B8E9C8932B6B5CFC00B0C433 /* UssdController.swift in Sources */,
				B849077F2B6C0DF8009A075E /* Bank.swift in Sources */,
				B81B0E842B6695430027F4FB /* ObjectivePGPHelper.swift in Sources */,
				B81B0E242B656C570027F4FB /* CardViewModel.swift in Sources */,
				B8E9C88D2B6B509F00B0C433 /* ChargeByUssdResponse.swift in Sources */,
				B889AD192B5FD097001EBA6D /* PaymentChannelModel.swift in Sources */,
				B825BDF02B5CAD5000B47C1A /* Dependencies.swift in Sources */,
				B8D4130D2B5E87A60089737E /* PaymentView.swift in Sources */,
				B825BDDD2B5CA61700B47C1A /* RexpaySDKResponse.swift in Sources */,
				B8E9C8902B6B516000B0C433 /* UssdDetailsResponse.swift in Sources */,
				B8D413402B5E8F0C0089737E /* UIButton+Extension.swift in Sources */,
				B825BD302B5C9D7D00B47C1A /* RexpaySDK.docc in Sources */,
				B825BDE22B5CA78500B47C1A /* PaymentController.swift in Sources */,
				B81B0E1E2B6568D20027F4FB /* ErrorReponse.swift in Sources */,
				B8D4133A2B5E8F0B0089737E /* UIColor+Extension.swift in Sources */,
				B8D413342B5E8F0B0089737E /* Constant.swift in Sources */,
				B8D4131E2B5E8E960089737E /* StackView.swift in Sources */,
				B889AD232B602DDD001EBA6D /* BJTextField.swift in Sources */,
				B8D412E92B5D188C0089737E /* ControllerFactory.swift in Sources */,
				B8E9C8872B6B4C7800B0C433 /* BankTransferResponse.swift in Sources */,
				B8D413202B5E8E960089737E /* TextField.swift in Sources */,
				B8D413562B5EA0190089737E /* BaseController.swift in Sources */,
				B8D413482B5E8F0C0089737E /* UITextField+Extension.swift in Sources */,
				B889AD3D2B605BB1001EBA6D /* TransactionCompleteView.swift in Sources */,
				B8E9C8A12B6B7D7300B0C433 /* UssdContentView.swift in Sources */,
				B8DB74402B6164230045EF42 /* ChargeCardResponse.swift in Sources */,
				B8D413362B5E8F0B0089737E /* UIImageView+Extension.swift in Sources */,
				B8D413242B5E8E960089737E /* Toast.swift in Sources */,
				B8E9C8A42B6B8FFF00B0C433 /* BankDropDownController.swift in Sources */,
				B8DB74312B612C570045EF42 /* NetworkService.swift in Sources */,
				B825BDEC2B5CAC8700B47C1A /* Coordinator.swift in Sources */,
				B8D4133E2B5E8F0C0089737E /* UIEdgeInsects+Extension.swift in Sources */,
				B8D413142B5E88D70089737E /* UIView+Layout.swift in Sources */,
				B8E9C8982B6B7BD100B0C433 /* UssdViewModel.swift in Sources */,
				B8E9C8782B6B449E00B0C433 /* BankTransferController.swift in Sources */,
				B81B0E1A2B653CF00027F4FB /* String+Extension.swift in Sources */,
				B8D413532B5E9FEE0089737E /* MainBaseController.swift in Sources */,
				B8DB743D2B615E960045EF42 /* CreatePaymentResponse.swift in Sources */,
				B8D413422B5E8F0C0089737E /* NSObject+Extension.swift in Sources */,
				B889AD322B6056EA001EBA6D /* PaymentFootView.swift in Sources */,
				B8D4134A2B5E8F0C0089737E /* UITableView+Extension.swift in Sources */,
				B8DB74372B6156E30045EF42 /* BaseRepository.swift in Sources */,
				B81B0E212B656BDD0027F4FB /* SharedRepository.swift in Sources */,
				B889AD402B605BC4001EBA6D /* TransactionCompleteContentView.swift in Sources */,
			);
			runOnlyForDeploymentPostprocessing = 0;
		};
		B825BD312B5C9D7D00B47C1A /* Sources */ = {
			isa = PBXSourcesBuildPhase;
			buildActionMask = 2147483647;
			files = (
				B8D413042B5D6CD00089737E /* RexpaySDKView.swift in Sources */,
				B8D413002B5D6CB60089737E /* BankRepository.swift in Sources */,
				B8D413012B5D6CB60089737E /* CardRepository.swift in Sources */,
				B8E9C8852B6B4C1300B0C433 /* BankTransferViewModel.swift in Sources */,
				B8D413022B5D6CB60089737E /* PaymentController.swift in Sources */,
				B8D413392B5E8F0B0089737E /* UIFont+Extension.swift in Sources */,
				B889AD2D2B604136001EBA6D /* CardPaymentContentView.swift in Sources */,
				B81B0E282B6591E90027F4FB /* NetworkServiceConstant.swift in Sources */,
				B8D413472B5E8F0C0089737E /* UICollectionView+Extension.swift in Sources */,
				B889AD172B5FD01D001EBA6D /* PaymentChannelCell.swift in Sources */,
				B81B0E882B669D0E0027F4FB /* ResponseWithNoBody.swift in Sources */,
				B8D4133D2B5E8F0C0089737E /* UIWindow+Extension.swift in Sources */,
				B8E9C87F2B6B44B900B0C433 /* BankTransferView.swift in Sources */,
				B889AD132B5F5F76001EBA6D /* PaymentContentView.swift in Sources */,
				B8D413232B5E8E960089737E /* Button.swift in Sources */,
				B8E9C89F2B6B7CF400B0C433 /* UssdView.swift in Sources */,
				B8D413502B5E9FEE0089737E /* BaseView.swift in Sources */,
				B889AD3A2B6058C6001EBA6D /* OTPView.swift in Sources */,
				B8D413032B5D6CB60089737E /* CardPaymentController.swift in Sources */,
				B8D413452B5E8F0C0089737E /* UIView+Extension.swift in Sources */,
				B889AD372B605845001EBA6D /* OTPContentView.swift in Sources */,
				B8DB74442B6165830045EF42 /* ChargeCardParam.swift in Sources */,
				B889AD2A2B6040BA001EBA6D /* CardPaymentView.swift in Sources */,
				B8E9C88B2B6B4F3800B0C433 /* TransactionDetailsResponse.swift in Sources */,
				B8D4131D2B5E8E960089737E /* Label.swift in Sources */,
				B889AD482B605E50001EBA6D /* TransactionCompleteController.swift in Sources */,
				B8DB74352B6155F90045EF42 /* UssdRepository.swift in Sources */,
				B82F0FEE2B8B5B55003A47A6 /* MockURLProtocol.swift in Sources */,
				B8E9C8822B6B48C600B0C433 /* BankTransferContentView.swift in Sources */,
				B8D412FE2B5D6C770089737E /* ControllerFactory.swift in Sources */,
				B889AD452B605E3A001EBA6D /* OTPController.swift in Sources */,
				B8E9C8942B6B5CFC00B0C433 /* UssdController.swift in Sources */,
				B84907802B6C0DF8009A075E /* Bank.swift in Sources */,
				B81B0E852B6695430027F4FB /* ObjectivePGPHelper.swift in Sources */,
				B81B0E252B656C570027F4FB /* CardViewModel.swift in Sources */,
				B8E9C88E2B6B509F00B0C433 /* ChargeByUssdResponse.swift in Sources */,
				B889AD1A2B5FD097001EBA6D /* PaymentChannelModel.swift in Sources */,
				B8D412FF2B5D6C770089737E /* Dependencies.swift in Sources */,
				B8D4130E2B5E87A60089737E /* PaymentView.swift in Sources */,
				B8D412FD2B5D6C4B0089737E /* Coordinator.swift in Sources */,
				B8E9C8912B6B516000B0C433 /* UssdDetailsResponse.swift in Sources */,
				B8D413412B5E8F0C0089737E /* UIButton+Extension.swift in Sources */,
				B8D412FC2B5D6A020089737E /* RexpaySDK.swift in Sources */,
				B8D412FB2B5D58260089737E /* RexpaySDKResponse.swift in Sources */,
				B81B0E1F2B6568D20027F4FB /* ErrorReponse.swift in Sources */,
				B8D4133B2B5E8F0B0089737E /* UIColor+Extension.swift in Sources */,
				B8D413352B5E8F0B0089737E /* Constant.swift in Sources */,
				B8D4131F2B5E8E960089737E /* StackView.swift in Sources */,
				B889AD242B602DDD001EBA6D /* BJTextField.swift in Sources */,
				B8D412FA2B5D57AF0089737E /* RexpayConfig.swift in Sources */,
				B8E9C8882B6B4C7800B0C433 /* BankTransferResponse.swift in Sources */,
				B8D413212B5E8E960089737E /* TextField.swift in Sources */,
				B8D413572B5EA0190089737E /* BaseController.swift in Sources */,
				B8D413492B5E8F0C0089737E /* UITextField+Extension.swift in Sources */,
				B8D3E1F92B94948B006F49BE /* BundleHelper.swift in Sources */,
				B889AD3E2B605BB1001EBA6D /* TransactionCompleteView.swift in Sources */,
				B8E9C8A22B6B7D7300B0C433 /* UssdContentView.swift in Sources */,
				B8DB74412B6164230045EF42 /* ChargeCardResponse.swift in Sources */,
				B8D413372B5E8F0B0089737E /* UIImageView+Extension.swift in Sources */,
				B8D413252B5E8E960089737E /* Toast.swift in Sources */,
				B8E9C8A52B6B8FFF00B0C433 /* BankDropDownController.swift in Sources */,
				B8DB74322B612C570045EF42 /* NetworkService.swift in Sources */,
				B825BD3B2B5C9D7D00B47C1A /* RexpaySDKTests.swift in Sources */,
				B8D4133F2B5E8F0C0089737E /* UIEdgeInsects+Extension.swift in Sources */,
				B8D413152B5E88D70089737E /* UIView+Layout.swift in Sources */,
				B8E9C8992B6B7BD100B0C433 /* UssdViewModel.swift in Sources */,
				B8E9C8792B6B449E00B0C433 /* BankTransferController.swift in Sources */,
				B81B0E1B2B653CF00027F4FB /* String+Extension.swift in Sources */,
				B8D413542B5E9FEE0089737E /* MainBaseController.swift in Sources */,
				B8DB743E2B615E960045EF42 /* CreatePaymentResponse.swift in Sources */,
				B8D413432B5E8F0C0089737E /* NSObject+Extension.swift in Sources */,
				B889AD332B6056EA001EBA6D /* PaymentFootView.swift in Sources */,
				B8D4134B2B5E8F0C0089737E /* UITableView+Extension.swift in Sources */,
				B8DB74382B6156E30045EF42 /* BaseRepository.swift in Sources */,
				B81B0E222B656BDD0027F4FB /* SharedRepository.swift in Sources */,
				B889AD412B605BC4001EBA6D /* TransactionCompleteContentView.swift in Sources */,
				B83601312B8C1F71001FFDF2 /* LaunchingRexpaySDKTest.swift in Sources */,
			);
			runOnlyForDeploymentPostprocessing = 0;
		};
/* End PBXSourcesBuildPhase section */

/* Begin PBXTargetDependency section */
		B825BD382B5C9D7D00B47C1A /* PBXTargetDependency */ = {
			isa = PBXTargetDependency;
			target = B825BD2A2B5C9D7D00B47C1A /* RexpaySDK */;
			targetProxy = B825BD372B5C9D7D00B47C1A /* PBXContainerItemProxy */;
		};
/* End PBXTargetDependency section */

/* Begin XCBuildConfiguration section */
		B825BD3D2B5C9D7D00B47C1A /* Debug */ = {
			isa = XCBuildConfiguration;
			buildSettings = {
				ALWAYS_SEARCH_USER_PATHS = NO;
				CLANG_ANALYZER_NONNULL = YES;
				CLANG_ANALYZER_NUMBER_OBJECT_CONVERSION = YES_AGGRESSIVE;
				CLANG_CXX_LANGUAGE_STANDARD = "gnu++20";
				CLANG_ENABLE_MODULES = YES;
				CLANG_ENABLE_OBJC_ARC = YES;
				CLANG_ENABLE_OBJC_WEAK = YES;
				CLANG_WARN_BLOCK_CAPTURE_AUTORELEASING = YES;
				CLANG_WARN_BOOL_CONVERSION = YES;
				CLANG_WARN_COMMA = YES;
				CLANG_WARN_CONSTANT_CONVERSION = YES;
				CLANG_WARN_DEPRECATED_OBJC_IMPLEMENTATIONS = YES;
				CLANG_WARN_DIRECT_OBJC_ISA_USAGE = YES_ERROR;
				CLANG_WARN_DOCUMENTATION_COMMENTS = YES;
				CLANG_WARN_EMPTY_BODY = YES;
				CLANG_WARN_ENUM_CONVERSION = YES;
				CLANG_WARN_INFINITE_RECURSION = YES;
				CLANG_WARN_INT_CONVERSION = YES;
				CLANG_WARN_NON_LITERAL_NULL_CONVERSION = YES;
				CLANG_WARN_OBJC_IMPLICIT_RETAIN_SELF = YES;
				CLANG_WARN_OBJC_LITERAL_CONVERSION = YES;
				CLANG_WARN_OBJC_ROOT_CLASS = YES_ERROR;
				CLANG_WARN_QUOTED_INCLUDE_IN_FRAMEWORK_HEADER = YES;
				CLANG_WARN_RANGE_LOOP_ANALYSIS = YES;
				CLANG_WARN_STRICT_PROTOTYPES = YES;
				CLANG_WARN_SUSPICIOUS_MOVE = YES;
				CLANG_WARN_UNGUARDED_AVAILABILITY = YES_AGGRESSIVE;
				CLANG_WARN_UNREACHABLE_CODE = YES;
				CLANG_WARN__DUPLICATE_METHOD_MATCH = YES;
				COPY_PHASE_STRIP = NO;
				CURRENT_PROJECT_VERSION = 1;
				DEBUG_INFORMATION_FORMAT = dwarf;
				ENABLE_STRICT_OBJC_MSGSEND = YES;
				ENABLE_TESTABILITY = YES;
				GCC_C_LANGUAGE_STANDARD = gnu11;
				GCC_DYNAMIC_NO_PIC = NO;
				GCC_NO_COMMON_BLOCKS = YES;
				GCC_OPTIMIZATION_LEVEL = 0;
				GCC_PREPROCESSOR_DEFINITIONS = (
					"DEBUG=1",
					"$(inherited)",
				);
				GCC_WARN_64_TO_32_BIT_CONVERSION = YES;
				GCC_WARN_ABOUT_RETURN_TYPE = YES_ERROR;
				GCC_WARN_UNDECLARED_SELECTOR = YES;
				GCC_WARN_UNINITIALIZED_AUTOS = YES_AGGRESSIVE;
				GCC_WARN_UNUSED_FUNCTION = YES;
				GCC_WARN_UNUSED_VARIABLE = YES;
				IPHONEOS_DEPLOYMENT_TARGET = 16.2;
				MTL_ENABLE_DEBUG_INFO = INCLUDE_SOURCE;
				MTL_FAST_MATH = YES;
				ONLY_ACTIVE_ARCH = YES;
				SDKROOT = iphoneos;
				SWIFT_ACTIVE_COMPILATION_CONDITIONS = DEBUG;
				SWIFT_OPTIMIZATION_LEVEL = "-Onone";
				VERSIONING_SYSTEM = "apple-generic";
				VERSION_INFO_PREFIX = "";
			};
			name = Debug;
		};
		B825BD3E2B5C9D7D00B47C1A /* Release */ = {
			isa = XCBuildConfiguration;
			buildSettings = {
				ALWAYS_SEARCH_USER_PATHS = NO;
				CLANG_ANALYZER_NONNULL = YES;
				CLANG_ANALYZER_NUMBER_OBJECT_CONVERSION = YES_AGGRESSIVE;
				CLANG_CXX_LANGUAGE_STANDARD = "gnu++20";
				CLANG_ENABLE_MODULES = YES;
				CLANG_ENABLE_OBJC_ARC = YES;
				CLANG_ENABLE_OBJC_WEAK = YES;
				CLANG_WARN_BLOCK_CAPTURE_AUTORELEASING = YES;
				CLANG_WARN_BOOL_CONVERSION = YES;
				CLANG_WARN_COMMA = YES;
				CLANG_WARN_CONSTANT_CONVERSION = YES;
				CLANG_WARN_DEPRECATED_OBJC_IMPLEMENTATIONS = YES;
				CLANG_WARN_DIRECT_OBJC_ISA_USAGE = YES_ERROR;
				CLANG_WARN_DOCUMENTATION_COMMENTS = YES;
				CLANG_WARN_EMPTY_BODY = YES;
				CLANG_WARN_ENUM_CONVERSION = YES;
				CLANG_WARN_INFINITE_RECURSION = YES;
				CLANG_WARN_INT_CONVERSION = YES;
				CLANG_WARN_NON_LITERAL_NULL_CONVERSION = YES;
				CLANG_WARN_OBJC_IMPLICIT_RETAIN_SELF = YES;
				CLANG_WARN_OBJC_LITERAL_CONVERSION = YES;
				CLANG_WARN_OBJC_ROOT_CLASS = YES_ERROR;
				CLANG_WARN_QUOTED_INCLUDE_IN_FRAMEWORK_HEADER = YES;
				CLANG_WARN_RANGE_LOOP_ANALYSIS = YES;
				CLANG_WARN_STRICT_PROTOTYPES = YES;
				CLANG_WARN_SUSPICIOUS_MOVE = YES;
				CLANG_WARN_UNGUARDED_AVAILABILITY = YES_AGGRESSIVE;
				CLANG_WARN_UNREACHABLE_CODE = YES;
				CLANG_WARN__DUPLICATE_METHOD_MATCH = YES;
				COPY_PHASE_STRIP = NO;
				CURRENT_PROJECT_VERSION = 1;
				DEBUG_INFORMATION_FORMAT = "dwarf-with-dsym";
				ENABLE_NS_ASSERTIONS = NO;
				ENABLE_STRICT_OBJC_MSGSEND = YES;
				GCC_C_LANGUAGE_STANDARD = gnu11;
				GCC_NO_COMMON_BLOCKS = YES;
				GCC_WARN_64_TO_32_BIT_CONVERSION = YES;
				GCC_WARN_ABOUT_RETURN_TYPE = YES_ERROR;
				GCC_WARN_UNDECLARED_SELECTOR = YES;
				GCC_WARN_UNINITIALIZED_AUTOS = YES_AGGRESSIVE;
				GCC_WARN_UNUSED_FUNCTION = YES;
				GCC_WARN_UNUSED_VARIABLE = YES;
				IPHONEOS_DEPLOYMENT_TARGET = 16.2;
				MTL_ENABLE_DEBUG_INFO = NO;
				MTL_FAST_MATH = YES;
				SDKROOT = iphoneos;
				SWIFT_COMPILATION_MODE = wholemodule;
				SWIFT_OPTIMIZATION_LEVEL = "-O";
				VALIDATE_PRODUCT = YES;
				VERSIONING_SYSTEM = "apple-generic";
				VERSION_INFO_PREFIX = "";
			};
			name = Release;
		};
		B825BD402B5C9D7D00B47C1A /* Debug */ = {
			isa = XCBuildConfiguration;
			buildSettings = {
				CODE_SIGN_STYLE = Automatic;
				CURRENT_PROJECT_VERSION = 1;
				DEFINES_MODULE = YES;
				DEVELOPMENT_TEAM = V6UWHFKBLG;
				DYLIB_COMPATIBILITY_VERSION = 1;
				DYLIB_CURRENT_VERSION = 1;
				DYLIB_INSTALL_NAME_BASE = "@rpath";
				GENERATE_INFOPLIST_FILE = YES;
				INFOPLIST_FILE = RexpaySDK/Info.plist;
				INFOPLIST_KEY_NSHumanReadableCopyright = "";
				INSTALL_PATH = "$(LOCAL_LIBRARY_DIR)/Frameworks";
				LD_RUNPATH_SEARCH_PATHS = (
					"$(inherited)",
					"@executable_path/Frameworks",
					"@loader_path/Frameworks",
				);
				MARKETING_VERSION = 1.0;
				PRODUCT_BUNDLE_IDENTIFIER = com.myapp.RexpaySDK;
				PRODUCT_NAME = "$(TARGET_NAME:c99extidentifier)";
				SKIP_INSTALL = YES;
				SWIFT_EMIT_LOC_STRINGS = YES;
				SWIFT_VERSION = 5.0;
				TARGETED_DEVICE_FAMILY = "1,2";
			};
			name = Debug;
		};
		B825BD412B5C9D7D00B47C1A /* Release */ = {
			isa = XCBuildConfiguration;
			buildSettings = {
				CODE_SIGN_STYLE = Automatic;
				CURRENT_PROJECT_VERSION = 1;
				DEFINES_MODULE = YES;
				DEVELOPMENT_TEAM = V6UWHFKBLG;
				DYLIB_COMPATIBILITY_VERSION = 1;
				DYLIB_CURRENT_VERSION = 1;
				DYLIB_INSTALL_NAME_BASE = "@rpath";
				GENERATE_INFOPLIST_FILE = YES;
				INFOPLIST_FILE = RexpaySDK/Info.plist;
				INFOPLIST_KEY_NSHumanReadableCopyright = "";
				INSTALL_PATH = "$(LOCAL_LIBRARY_DIR)/Frameworks";
				LD_RUNPATH_SEARCH_PATHS = (
					"$(inherited)",
					"@executable_path/Frameworks",
					"@loader_path/Frameworks",
				);
				MARKETING_VERSION = 1.0;
				PRODUCT_BUNDLE_IDENTIFIER = com.myapp.RexpaySDK;
				PRODUCT_NAME = "$(TARGET_NAME:c99extidentifier)";
				SKIP_INSTALL = YES;
				SWIFT_EMIT_LOC_STRINGS = YES;
				SWIFT_VERSION = 5.0;
				TARGETED_DEVICE_FAMILY = "1,2";
			};
			name = Release;
		};
		B825BD432B5C9D7D00B47C1A /* Debug */ = {
			isa = XCBuildConfiguration;
			buildSettings = {
				ALWAYS_EMBED_SWIFT_STANDARD_LIBRARIES = YES;
				CODE_SIGN_STYLE = Automatic;
				CURRENT_PROJECT_VERSION = 1;
				DEVELOPMENT_TEAM = V6UWHFKBLG;
				GENERATE_INFOPLIST_FILE = YES;
				MARKETING_VERSION = 1.0;
				PRODUCT_BUNDLE_IDENTIFIER = com.myapp.RexpaySDKTests;
				PRODUCT_NAME = "$(TARGET_NAME)";
				SWIFT_EMIT_LOC_STRINGS = NO;
				SWIFT_VERSION = 5.0;
				TARGETED_DEVICE_FAMILY = "1,2";
			};
			name = Debug;
		};
		B825BD442B5C9D7D00B47C1A /* Release */ = {
			isa = XCBuildConfiguration;
			buildSettings = {
				ALWAYS_EMBED_SWIFT_STANDARD_LIBRARIES = YES;
				CODE_SIGN_STYLE = Automatic;
				CURRENT_PROJECT_VERSION = 1;
				DEVELOPMENT_TEAM = V6UWHFKBLG;
				GENERATE_INFOPLIST_FILE = YES;
				MARKETING_VERSION = 1.0;
				PRODUCT_BUNDLE_IDENTIFIER = com.myapp.RexpaySDKTests;
				PRODUCT_NAME = "$(TARGET_NAME)";
				SWIFT_EMIT_LOC_STRINGS = NO;
				SWIFT_VERSION = 5.0;
				TARGETED_DEVICE_FAMILY = "1,2";
			};
			name = Release;
		};
/* End XCBuildConfiguration section */

/* Begin XCConfigurationList section */
		B825BD252B5C9D7D00B47C1A /* Build configuration list for PBXProject "RexpaySDK" */ = {
			isa = XCConfigurationList;
			buildConfigurations = (
				B825BD3D2B5C9D7D00B47C1A /* Debug */,
				B825BD3E2B5C9D7D00B47C1A /* Release */,
			);
			defaultConfigurationIsVisible = 0;
			defaultConfigurationName = Release;
		};
		B825BD3F2B5C9D7D00B47C1A /* Build configuration list for PBXNativeTarget "RexpaySDK" */ = {
			isa = XCConfigurationList;
			buildConfigurations = (
				B825BD402B5C9D7D00B47C1A /* Debug */,
				B825BD412B5C9D7D00B47C1A /* Release */,
			);
			defaultConfigurationIsVisible = 0;
			defaultConfigurationName = Release;
		};
		B825BD422B5C9D7D00B47C1A /* Build configuration list for PBXNativeTarget "RexpaySDKTests" */ = {
			isa = XCConfigurationList;
			buildConfigurations = (
				B825BD432B5C9D7D00B47C1A /* Debug */,
				B825BD442B5C9D7D00B47C1A /* Release */,
			);
			defaultConfigurationIsVisible = 0;
			defaultConfigurationName = Release;
		};
/* End XCConfigurationList section */
	};
	rootObject = B825BD222B5C9D7D00B47C1A /* Project object */;
}
